
Microsoft Visual Studio Solution File, Format Version 12.00
# Visual Studio 15
VisualStudioVersion = 15.0.28307.271
MinimumVisualStudioVersion = 10.0.40219.1
Project("{8BC9CEB8-8B4A-11D0-8D11-00A0C91BC942}") = "Arduino", "Arduino.vcxproj", "{F1EA4A64-8F93-415E-9A1A-796AEA204A71}"
EndProject
Project("{8BC9CEB8-8B4A-11D0-8D11-00A0C91BC942}") = "DccDecoderMicrosoftTest", "Prj\DccDecoder\DccDecoderMicrosoftTest\DccDecoderMicrosoftTest.vcxproj", "{6799375C-B4ED-4506-BE9B-E7BA2E542BF3}"
EndProject
Project("{8BC9CEB8-8B4A-11D0-8D11-00A0C91BC942}") = "SerialMonitor", "..\PC\SerialMonitor\SerialMonitor.vcxproj", "{CF5BC1EE-4693-47E8-9DB9-9824DC72ED35}"
EndProject
Global
	GlobalSection(SolutionConfigurationPlatforms) = preSolution
		BlinkSample Compile|ARM = BlinkSample Compile|ARM
		BlinkSample Compile|x64 = BlinkSample Compile|x64
		BlinkSample Compile|x86 = BlinkSample Compile|x86
		BlinkSample Program|ARM = BlinkSample Program|ARM
		BlinkSample Program|x64 = BlinkSample Program|x64
		BlinkSample Program|x86 = BlinkSample Program|x86
		DccDecoder Compile|ARM = DccDecoder Compile|ARM
		DccDecoder Compile|x64 = DccDecoder Compile|x64
		DccDecoder Compile|x86 = DccDecoder Compile|x86
		DccDecoder Program|ARM = DccDecoder Program|ARM
		DccDecoder Program|x64 = DccDecoder Program|x64
		DccDecoder Program|x86 = DccDecoder Program|x86
		DccDecoderTest Compile|ARM = DccDecoderTest Compile|ARM
		DccDecoderTest Compile|x64 = DccDecoderTest Compile|x64
		DccDecoderTest Compile|x86 = DccDecoderTest Compile|x86
		DccDecoderTest Program|ARM = DccDecoderTest Program|ARM
		DccDecoderTest Program|x64 = DccDecoderTest Program|x64
		DccDecoderTest Program|x86 = DccDecoderTest Program|x86
		Debug|ARM = Debug|ARM
		Debug|x64 = Debug|x64
		Debug|x86 = Debug|x86
		FireFlicker Compile|ARM = FireFlicker Compile|ARM
		FireFlicker Compile|x64 = FireFlicker Compile|x64
		FireFlicker Compile|x86 = FireFlicker Compile|x86
		Release|ARM = Release|ARM
		Release|x64 = Release|x64
		Release|x86 = Release|x86
		SequenceBlink Compile|ARM = SequenceBlink Compile|ARM
		SequenceBlink Compile|x64 = SequenceBlink Compile|x64
		SequenceBlink Compile|x86 = SequenceBlink Compile|x86
		SequenceBlink Program|ARM = SequenceBlink Program|ARM
		SequenceBlink Program|x64 = SequenceBlink Program|x64
		SequenceBlink Program|x86 = SequenceBlink Program|x86
	EndGlobalSection
	GlobalSection(ProjectConfigurationPlatforms) = postSolution
		{F1EA4A64-8F93-415E-9A1A-796AEA204A71}.BlinkSample Compile|ARM.ActiveCfg = BlinkSample Compile|Win32
		{F1EA4A64-8F93-415E-9A1A-796AEA204A71}.BlinkSample Compile|ARM.Build.0 = BlinkSample Compile|Win32
		{F1EA4A64-8F93-415E-9A1A-796AEA204A71}.BlinkSample Compile|x64.ActiveCfg = BlinkSample Compile|Win32
		{F1EA4A64-8F93-415E-9A1A-796AEA204A71}.BlinkSample Compile|x86.ActiveCfg = BlinkSample Compile|Win32
		{F1EA4A64-8F93-415E-9A1A-796AEA204A71}.BlinkSample Compile|x86.Build.0 = BlinkSample Compile|Win32
		{F1EA4A64-8F93-415E-9A1A-796AEA204A71}.BlinkSample Program|ARM.ActiveCfg = BlinkSample Program|Win32
		{F1EA4A64-8F93-415E-9A1A-796AEA204A71}.BlinkSample Program|x64.ActiveCfg = BlinkSample Program|Win32
		{F1EA4A64-8F93-415E-9A1A-796AEA204A71}.BlinkSample Program|x86.ActiveCfg = BlinkSample Program|Win32
		{F1EA4A64-8F93-415E-9A1A-796AEA204A71}.BlinkSample Program|x86.Build.0 = BlinkSample Program|Win32
		{F1EA4A64-8F93-415E-9A1A-796AEA204A71}.DccDecoder Compile|ARM.ActiveCfg = DccDecoder Compile|Win32
		{F1EA4A64-8F93-415E-9A1A-796AEA204A71}.DccDecoder Compile|x64.ActiveCfg = DccDecoder Compile|Win32
		{F1EA4A64-8F93-415E-9A1A-796AEA204A71}.DccDecoder Compile|x86.ActiveCfg = DccDecoder Compile|Win32
		{F1EA4A64-8F93-415E-9A1A-796AEA204A71}.DccDecoder Program|ARM.ActiveCfg = DccDecoder Program|Win32
		{F1EA4A64-8F93-415E-9A1A-796AEA204A71}.DccDecoder Program|x64.ActiveCfg = DccDecoder Program|Win32
		{F1EA4A64-8F93-415E-9A1A-796AEA204A71}.DccDecoder Program|x86.ActiveCfg = DccDecoder Program|Win32
		{F1EA4A64-8F93-415E-9A1A-796AEA204A71}.DccDecoderTest Compile|ARM.ActiveCfg = DccDecoderTest Compile|Win32
		{F1EA4A64-8F93-415E-9A1A-796AEA204A71}.DccDecoderTest Compile|x64.ActiveCfg = DccDecoderTest Compile|Win32
		{F1EA4A64-8F93-415E-9A1A-796AEA204A71}.DccDecoderTest Compile|x86.ActiveCfg = DccDecoderTest Compile|Win32
		{F1EA4A64-8F93-415E-9A1A-796AEA204A71}.DccDecoderTest Program|ARM.ActiveCfg = DccDecoderTest Program|Win32
		{F1EA4A64-8F93-415E-9A1A-796AEA204A71}.DccDecoderTest Program|x64.ActiveCfg = DccDecoderTest Program|Win32
		{F1EA4A64-8F93-415E-9A1A-796AEA204A71}.DccDecoderTest Program|x86.ActiveCfg = DccDecoderTest Program|Win32
		{F1EA4A64-8F93-415E-9A1A-796AEA204A71}.Debug|ARM.ActiveCfg = DccDecoder Program|Win32
		{F1EA4A64-8F93-415E-9A1A-796AEA204A71}.Debug|ARM.Build.0 = DccDecoder Program|Win32
		{F1EA4A64-8F93-415E-9A1A-796AEA204A71}.Debug|x64.ActiveCfg = DccDecoderTest Program|Win32
		{F1EA4A64-8F93-415E-9A1A-796AEA204A71}.Debug|x64.Build.0 = DccDecoderTest Program|Win32
		{F1EA4A64-8F93-415E-9A1A-796AEA204A71}.Debug|x86.ActiveCfg = DccDecoderTest Program|Win32
		{F1EA4A64-8F93-415E-9A1A-796AEA204A71}.FireFlicker Compile|ARM.ActiveCfg = FireFlicker Compile|Win32
		{F1EA4A64-8F93-415E-9A1A-796AEA204A71}.FireFlicker Compile|x64.ActiveCfg = FireFlicker Compile|Win32
		{F1EA4A64-8F93-415E-9A1A-796AEA204A71}.FireFlicker Compile|x86.ActiveCfg = FireFlicker Compile|Win32
		{F1EA4A64-8F93-415E-9A1A-796AEA204A71}.FireFlicker Compile|x86.Build.0 = FireFlicker Compile|Win32
		{F1EA4A64-8F93-415E-9A1A-796AEA204A71}.Release|ARM.ActiveCfg = DccDecoderTest Program|Win32
		{F1EA4A64-8F93-415E-9A1A-796AEA204A71}.Release|ARM.Build.0 = DccDecoderTest Program|Win32
		{F1EA4A64-8F93-415E-9A1A-796AEA204A71}.Release|x64.ActiveCfg = DccDecoderTest Program|Win32
		{F1EA4A64-8F93-415E-9A1A-796AEA204A71}.Release|x64.Build.0 = DccDecoderTest Program|Win32
		{F1EA4A64-8F93-415E-9A1A-796AEA204A71}.Release|x86.ActiveCfg = DccDecoderTest Program|Win32
		{F1EA4A64-8F93-415E-9A1A-796AEA204A71}.Release|x86.Build.0 = DccDecoderTest Program|Win32
		{F1EA4A64-8F93-415E-9A1A-796AEA204A71}.SequenceBlink Compile|ARM.ActiveCfg = SequenceBlink Compile|Win32
		{F1EA4A64-8F93-415E-9A1A-796AEA204A71}.SequenceBlink Compile|x64.ActiveCfg = SequenceBlink Compile|Win32
		{F1EA4A64-8F93-415E-9A1A-796AEA204A71}.SequenceBlink Compile|x86.ActiveCfg = SequenceBlink Compile|Win32
		{F1EA4A64-8F93-415E-9A1A-796AEA204A71}.SequenceBlink Compile|x86.Build.0 = SequenceBlink Compile|Win32
		{F1EA4A64-8F93-415E-9A1A-796AEA204A71}.SequenceBlink Program|ARM.ActiveCfg = SequenceBlink Program|Win32
		{F1EA4A64-8F93-415E-9A1A-796AEA204A71}.SequenceBlink Program|x64.ActiveCfg = SequenceBlink Program|Win32
		{F1EA4A64-8F93-415E-9A1A-796AEA204A71}.SequenceBlink Program|x86.ActiveCfg = SequenceBlink Program|Win32
		{6799375C-B4ED-4506-BE9B-E7BA2E542BF3}.BlinkSample Compile|ARM.ActiveCfg = Release|x64
		{6799375C-B4ED-4506-BE9B-E7BA2E542BF3}.BlinkSample Compile|ARM.Build.0 = Release|x64
		{6799375C-B4ED-4506-BE9B-E7BA2E542BF3}.BlinkSample Compile|x64.ActiveCfg = Release|x64
		{6799375C-B4ED-4506-BE9B-E7BA2E542BF3}.BlinkSample Compile|x64.Build.0 = Release|x64
		{6799375C-B4ED-4506-BE9B-E7BA2E542BF3}.BlinkSample Compile|x86.ActiveCfg = Release|Win32
		{6799375C-B4ED-4506-BE9B-E7BA2E542BF3}.BlinkSample Compile|x86.Build.0 = Release|Win32
		{6799375C-B4ED-4506-BE9B-E7BA2E542BF3}.BlinkSample Program|ARM.ActiveCfg = Release|x64
		{6799375C-B4ED-4506-BE9B-E7BA2E542BF3}.BlinkSample Program|ARM.Build.0 = Release|x64
		{6799375C-B4ED-4506-BE9B-E7BA2E542BF3}.BlinkSample Program|x64.ActiveCfg = Release|x64
		{6799375C-B4ED-4506-BE9B-E7BA2E542BF3}.BlinkSample Program|x64.Build.0 = Release|x64
		{6799375C-B4ED-4506-BE9B-E7BA2E542BF3}.BlinkSample Program|x86.ActiveCfg = Release|Win32
		{6799375C-B4ED-4506-BE9B-E7BA2E542BF3}.BlinkSample Program|x86.Build.0 = Release|Win32
		{6799375C-B4ED-4506-BE9B-E7BA2E542BF3}.DccDecoder Compile|ARM.ActiveCfg = Release|x64
		{6799375C-B4ED-4506-BE9B-E7BA2E542BF3}.DccDecoder Compile|ARM.Build.0 = Release|x64
		{6799375C-B4ED-4506-BE9B-E7BA2E542BF3}.DccDecoder Compile|x64.ActiveCfg = Debug|x64
		{6799375C-B4ED-4506-BE9B-E7BA2E542BF3}.DccDecoder Compile|x64.Build.0 = Debug|x64
		{6799375C-B4ED-4506-BE9B-E7BA2E542BF3}.DccDecoder Compile|x86.ActiveCfg = Debug|Win32
		{6799375C-B4ED-4506-BE9B-E7BA2E542BF3}.DccDecoder Compile|x86.Build.0 = Debug|Win32
		{6799375C-B4ED-4506-BE9B-E7BA2E542BF3}.DccDecoder Program|ARM.ActiveCfg = Release|x64
		{6799375C-B4ED-4506-BE9B-E7BA2E542BF3}.DccDecoder Program|ARM.Build.0 = Release|x64
		{6799375C-B4ED-4506-BE9B-E7BA2E542BF3}.DccDecoder Program|x64.ActiveCfg = Debug|x64
		{6799375C-B4ED-4506-BE9B-E7BA2E542BF3}.DccDecoder Program|x64.Build.0 = Debug|x64
		{6799375C-B4ED-4506-BE9B-E7BA2E542BF3}.DccDecoder Program|x86.ActiveCfg = Debug|Win32
		{6799375C-B4ED-4506-BE9B-E7BA2E542BF3}.DccDecoder Program|x86.Build.0 = Debug|Win32
		{6799375C-B4ED-4506-BE9B-E7BA2E542BF3}.DccDecoderTest Compile|ARM.ActiveCfg = Release|x64
		{6799375C-B4ED-4506-BE9B-E7BA2E542BF3}.DccDecoderTest Compile|ARM.Build.0 = Release|x64
		{6799375C-B4ED-4506-BE9B-E7BA2E542BF3}.DccDecoderTest Compile|x64.ActiveCfg = Debug|x64
		{6799375C-B4ED-4506-BE9B-E7BA2E542BF3}.DccDecoderTest Compile|x64.Build.0 = Debug|x64
		{6799375C-B4ED-4506-BE9B-E7BA2E542BF3}.DccDecoderTest Compile|x86.ActiveCfg = Debug|Win32
		{6799375C-B4ED-4506-BE9B-E7BA2E542BF3}.DccDecoderTest Compile|x86.Build.0 = Debug|Win32
		{6799375C-B4ED-4506-BE9B-E7BA2E542BF3}.DccDecoderTest Program|ARM.ActiveCfg = Release|x64
		{6799375C-B4ED-4506-BE9B-E7BA2E542BF3}.DccDecoderTest Program|ARM.Build.0 = Release|x64
		{6799375C-B4ED-4506-BE9B-E7BA2E542BF3}.DccDecoderTest Program|x64.ActiveCfg = Debug|x64
		{6799375C-B4ED-4506-BE9B-E7BA2E542BF3}.DccDecoderTest Program|x64.Build.0 = Debug|x64
		{6799375C-B4ED-4506-BE9B-E7BA2E542BF3}.DccDecoderTest Program|x86.ActiveCfg = Debug|Win32
		{6799375C-B4ED-4506-BE9B-E7BA2E542BF3}.DccDecoderTest Program|x86.Build.0 = Debug|Win32
		{6799375C-B4ED-4506-BE9B-E7BA2E542BF3}.Debug|ARM.ActiveCfg = Debug|Win32
		{6799375C-B4ED-4506-BE9B-E7BA2E542BF3}.Debug|x64.ActiveCfg = Debug|x64
		{6799375C-B4ED-4506-BE9B-E7BA2E542BF3}.Debug|x64.Build.0 = Debug|x64
		{6799375C-B4ED-4506-BE9B-E7BA2E542BF3}.Debug|x86.ActiveCfg = Debug|Win32
		{6799375C-B4ED-4506-BE9B-E7BA2E542BF3}.Debug|x86.Build.0 = Debug|Win32
		{6799375C-B4ED-4506-BE9B-E7BA2E542BF3}.FireFlicker Compile|ARM.ActiveCfg = Debug|Win32
		{6799375C-B4ED-4506-BE9B-E7BA2E542BF3}.FireFlicker Compile|x64.ActiveCfg = FireFlicker Compile|x64
		{6799375C-B4ED-4506-BE9B-E7BA2E542BF3}.FireFlicker Compile|x64.Build.0 = FireFlicker Compile|x64
		{6799375C-B4ED-4506-BE9B-E7BA2E542BF3}.FireFlicker Compile|x86.ActiveCfg = FireFlicker Compile|Win32
		{6799375C-B4ED-4506-BE9B-E7BA2E542BF3}.FireFlicker Compile|x86.Build.0 = FireFlicker Compile|Win32
		{6799375C-B4ED-4506-BE9B-E7BA2E542BF3}.Release|ARM.ActiveCfg = Release|Win32
		{6799375C-B4ED-4506-BE9B-E7BA2E542BF3}.Release|x64.ActiveCfg = Release|x64
		{6799375C-B4ED-4506-BE9B-E7BA2E542BF3}.Release|x64.Build.0 = Release|x64
		{6799375C-B4ED-4506-BE9B-E7BA2E542BF3}.Release|x86.ActiveCfg = Release|Win32
		{6799375C-B4ED-4506-BE9B-E7BA2E542BF3}.Release|x86.Build.0 = Release|Win32
		{6799375C-B4ED-4506-BE9B-E7BA2E542BF3}.SequenceBlink Compile|ARM.ActiveCfg = Release|x64
		{6799375C-B4ED-4506-BE9B-E7BA2E542BF3}.SequenceBlink Compile|ARM.Build.0 = Release|x64
		{6799375C-B4ED-4506-BE9B-E7BA2E542BF3}.SequenceBlink Compile|x64.ActiveCfg = Release|x64
		{6799375C-B4ED-4506-BE9B-E7BA2E542BF3}.SequenceBlink Compile|x64.Build.0 = Release|x64
		{6799375C-B4ED-4506-BE9B-E7BA2E542BF3}.SequenceBlink Compile|x86.ActiveCfg = Release|Win32
		{6799375C-B4ED-4506-BE9B-E7BA2E542BF3}.SequenceBlink Compile|x86.Build.0 = Release|Win32
		{6799375C-B4ED-4506-BE9B-E7BA2E542BF3}.SequenceBlink Program|ARM.ActiveCfg = Release|x64
		{6799375C-B4ED-4506-BE9B-E7BA2E542BF3}.SequenceBlink Program|ARM.Build.0 = Release|x64
		{6799375C-B4ED-4506-BE9B-E7BA2E542BF3}.SequenceBlink Program|x64.ActiveCfg = Release|x64
		{6799375C-B4ED-4506-BE9B-E7BA2E542BF3}.SequenceBlink Program|x64.Build.0 = Release|x64
		{6799375C-B4ED-4506-BE9B-E7BA2E542BF3}.SequenceBlink Program|x86.ActiveCfg = Release|Win32
		{6799375C-B4ED-4506-BE9B-E7BA2E542BF3}.SequenceBlink Program|x86.Build.0 = Release|Win32
		{CF5BC1EE-4693-47E8-9DB9-9824DC72ED35}.BlinkSample Compile|ARM.ActiveCfg = Release|x64
		{CF5BC1EE-4693-47E8-9DB9-9824DC72ED35}.BlinkSample Compile|ARM.Build.0 = Release|x64
		{CF5BC1EE-4693-47E8-9DB9-9824DC72ED35}.BlinkSample Compile|x64.ActiveCfg = Release|x64
		{CF5BC1EE-4693-47E8-9DB9-9824DC72ED35}.BlinkSample Compile|x64.Build.0 = Release|x64
		{CF5BC1EE-4693-47E8-9DB9-9824DC72ED35}.BlinkSample Compile|x86.ActiveCfg = Release|Win32
		{CF5BC1EE-4693-47E8-9DB9-9824DC72ED35}.BlinkSample Compile|x86.Build.0 = Release|Win32
		{CF5BC1EE-4693-47E8-9DB9-9824DC72ED35}.BlinkSample Program|ARM.ActiveCfg = Release|x64
		{CF5BC1EE-4693-47E8-9DB9-9824DC72ED35}.BlinkSample Program|ARM.Build.0 = Release|x64
		{CF5BC1EE-4693-47E8-9DB9-9824DC72ED35}.BlinkSample Program|x64.ActiveCfg = Release|x64
		{CF5BC1EE-4693-47E8-9DB9-9824DC72ED35}.BlinkSample Program|x64.Build.0 = Release|x64
		{CF5BC1EE-4693-47E8-9DB9-9824DC72ED35}.BlinkSample Program|x86.ActiveCfg = Release|Win32
		{CF5BC1EE-4693-47E8-9DB9-9824DC72ED35}.BlinkSample Program|x86.Build.0 = Release|Win32
		{CF5BC1EE-4693-47E8-9DB9-9824DC72ED35}.DccDecoder Compile|ARM.ActiveCfg = Release|x64
		{CF5BC1EE-4693-47E8-9DB9-9824DC72ED35}.DccDecoder Compile|ARM.Build.0 = Release|x64
		{CF5BC1EE-4693-47E8-9DB9-9824DC72ED35}.DccDecoder Compile|x64.ActiveCfg = Debug|x64
		{CF5BC1EE-4693-47E8-9DB9-9824DC72ED35}.DccDecoder Compile|x64.Build.0 = Debug|x64
		{CF5BC1EE-4693-47E8-9DB9-9824DC72ED35}.DccDecoder Compile|x86.ActiveCfg = Debug|Win32
		{CF5BC1EE-4693-47E8-9DB9-9824DC72ED35}.DccDecoder Compile|x86.Build.0 = Debug|Win32
		{CF5BC1EE-4693-47E8-9DB9-9824DC72ED35}.DccDecoder Program|ARM.ActiveCfg = Release|x64
		{CF5BC1EE-4693-47E8-9DB9-9824DC72ED35}.DccDecoder Program|ARM.Build.0 = Release|x64
		{CF5BC1EE-4693-47E8-9DB9-9824DC72ED35}.DccDecoder Program|x64.ActiveCfg = Debug|x64
		{CF5BC1EE-4693-47E8-9DB9-9824DC72ED35}.DccDecoder Program|x64.Build.0 = Debug|x64
		{CF5BC1EE-4693-47E8-9DB9-9824DC72ED35}.DccDecoder Program|x86.ActiveCfg = Debug|Win32
		{CF5BC1EE-4693-47E8-9DB9-9824DC72ED35}.DccDecoder Program|x86.Build.0 = Debug|Win32
		{CF5BC1EE-4693-47E8-9DB9-9824DC72ED35}.DccDecoderTest Compile|ARM.ActiveCfg = Release|x64
		{CF5BC1EE-4693-47E8-9DB9-9824DC72ED35}.DccDecoderTest Compile|ARM.Build.0 = Release|x64
		{CF5BC1EE-4693-47E8-9DB9-9824DC72ED35}.DccDecoderTest Compile|x64.ActiveCfg = Debug|x64
		{CF5BC1EE-4693-47E8-9DB9-9824DC72ED35}.DccDecoderTest Compile|x64.Build.0 = Debug|x64
		{CF5BC1EE-4693-47E8-9DB9-9824DC72ED35}.DccDecoderTest Compile|x86.ActiveCfg = Debug|Win32
		{CF5BC1EE-4693-47E8-9DB9-9824DC72ED35}.DccDecoderTest Compile|x86.Build.0 = Debug|Win32
		{CF5BC1EE-4693-47E8-9DB9-9824DC72ED35}.DccDecoderTest Program|ARM.ActiveCfg = Release|x64
		{CF5BC1EE-4693-47E8-9DB9-9824DC72ED35}.DccDecoderTest Program|ARM.Build.0 = Release|x64
		{CF5BC1EE-4693-47E8-9DB9-9824DC72ED35}.DccDecoderTest Program|x64.ActiveCfg = Debug|x64
		{CF5BC1EE-4693-47E8-9DB9-9824DC72ED35}.DccDecoderTest Program|x64.Build.0 = Debug|x64
		{CF5BC1EE-4693-47E8-9DB9-9824DC72ED35}.DccDecoderTest Program|x86.ActiveCfg = Debug|Win32
		{CF5BC1EE-4693-47E8-9DB9-9824DC72ED35}.DccDecoderTest Program|x86.Build.0 = Debug|Win32
		{CF5BC1EE-4693-47E8-9DB9-9824DC72ED35}.Debug|ARM.ActiveCfg = Debug|Win32
		{CF5BC1EE-4693-47E8-9DB9-9824DC72ED35}.Debug|x64.ActiveCfg = Debug|x64
		{CF5BC1EE-4693-47E8-9DB9-9824DC72ED35}.Debug|x64.Build.0 = Debug|x64
		{CF5BC1EE-4693-47E8-9DB9-9824DC72ED35}.Debug|x86.ActiveCfg = Debug|Win32
		{CF5BC1EE-4693-47E8-9DB9-9824DC72ED35}.Debug|x86.Build.0 = Debug|Win32
		{CF5BC1EE-4693-47E8-9DB9-9824DC72ED35}.FireFlicker Compile|ARM.ActiveCfg = Debug|Win32
		{CF5BC1EE-4693-47E8-9DB9-9824DC72ED35}.FireFlicker Compile|x64.ActiveCfg = FireFlicker Compile|x64
		{CF5BC1EE-4693-47E8-9DB9-9824DC72ED35}.FireFlicker Compile|x64.Build.0 = FireFlicker Compile|x64
		{CF5BC1EE-4693-47E8-9DB9-9824DC72ED35}.FireFlicker Compile|x86.ActiveCfg = FireFlicker Compile|Win32
		{CF5BC1EE-4693-47E8-9DB9-9824DC72ED35}.FireFlicker Compile|x86.Build.0 = FireFlicker Compile|Win32
		{CF5BC1EE-4693-47E8-9DB9-9824DC72ED35}.Release|ARM.ActiveCfg = Release|Win32
		{CF5BC1EE-4693-47E8-9DB9-9824DC72ED35}.Release|x64.ActiveCfg = Release|x64
		{CF5BC1EE-4693-47E8-9DB9-9824DC72ED35}.Release|x64.Build.0 = Release|x64
		{CF5BC1EE-4693-47E8-9DB9-9824DC72ED35}.Release|x86.ActiveCfg = Release|Win32
		{CF5BC1EE-4693-47E8-9DB9-9824DC72ED35}.Release|x86.Build.0 = Release|Win32
		{CF5BC1EE-4693-47E8-9DB9-9824DC72ED35}.SequenceBlink Compile|ARM.ActiveCfg = Release|x64
		{CF5BC1EE-4693-47E8-9DB9-9824DC72ED35}.SequenceBlink Compile|ARM.Build.0 = Release|x64
		{CF5BC1EE-4693-47E8-9DB9-9824DC72ED35}.SequenceBlink Compile|x64.ActiveCfg = Release|x64
		{CF5BC1EE-4693-47E8-9DB9-9824DC72ED35}.SequenceBlink Compile|x64.Build.0 = Release|x64
		{CF5BC1EE-4693-47E8-9DB9-9824DC72ED35}.SequenceBlink Compile|x86.ActiveCfg = Release|Win32
		{CF5BC1EE-4693-47E8-9DB9-9824DC72ED35}.SequenceBlink Compile|x86.Build.0 = Release|Win32
		{CF5BC1EE-4693-47E8-9DB9-9824DC72ED35}.SequenceBlink Program|ARM.ActiveCfg = Release|x64
		{CF5BC1EE-4693-47E8-9DB9-9824DC72ED35}.SequenceBlink Program|ARM.Build.0 = Release|x64
		{CF5BC1EE-4693-47E8-9DB9-9824DC72ED35}.SequenceBlink Program|x64.ActiveCfg = Release|x64
		{CF5BC1EE-4693-47E8-9DB9-9824DC72ED35}.SequenceBlink Program|x64.Build.0 = Release|x64
		{CF5BC1EE-4693-47E8-9DB9-9824DC72ED35}.SequenceBlink Program|x86.ActiveCfg = Release|Win32
		{CF5BC1EE-4693-47E8-9DB9-9824DC72ED35}.SequenceBlink Program|x86.Build.0 = Release|Win32
	EndGlobalSection
	GlobalSection(SolutionProperties) = preSolution
		HideSolutionNode = FALSE
	EndGlobalSection
	GlobalSection(ExtensibilityGlobals) = postSolution
		SolutionGuid = {F1987C21-825C-4FEE-A687-B9894EF4DAA7}
	EndGlobalSection
EndGlobal
