<?xml version="1.0" encoding="utf-8"?>
<Project ToolsVersion="4.0" xmlns="http://schemas.microsoft.com/developer/msbuild/2003">
  <ItemGroup>
    <Filter Include="Src">
      <UniqueIdentifier>{bd8e8be7-20b0-4ab4-be0b-25311525ca87}</UniqueIdentifier>
    </Filter>
    <Filter Include="Src\Gen">
      <UniqueIdentifier>{4d3ab699-becd-48cc-b086-73e1afbf7253}</UniqueIdentifier>
    </Filter>
    <Filter Include="Src\Gen\Util">
      <UniqueIdentifier>{cbbd9e34-de6d-4e8b-a49c-293e16c5dcf5}</UniqueIdentifier>
    </Filter>
    <Filter Include="Src\Gen\Dcc">
      <UniqueIdentifier>{dc665ebe-3f22-45a5-a8b5-aa7a1fcb866d}</UniqueIdentifier>
    </Filter>
    <Filter Include="Src\Gen\Os">
      <UniqueIdentifier>{223129ac-b77a-4d4a-acd8-c4405cb71d17}</UniqueIdentifier>
    </Filter>
    <Filter Include="Src\Gen\Os\FreeRTOS">
      <UniqueIdentifier>{0e069ec6-3df8-45dc-a26e-28ac0c73d5a1}</UniqueIdentifier>
    </Filter>
    <Filter Include="Src\Gen\Os\FreeRTOS\v202112.00">
      <UniqueIdentifier>{68a4f976-d8d1-4680-91a2-7b62a11ae021}</UniqueIdentifier>
    </Filter>
    <Filter Include="Src\Gen\Os\FreeRTOS\v202112.00\include">
      <UniqueIdentifier>{29f97f2b-e478-4166-88b4-6cdf9b7e9078}</UniqueIdentifier>
    </Filter>
    <Filter Include="Src\Gen\Os\FreeRTOS\v202112.00\portable">
      <UniqueIdentifier>{8f8794dc-cef6-4884-b2c2-568f9b29fff9}</UniqueIdentifier>
    </Filter>
    <Filter Include="Src\Gen\Os\FreeRTOS\v202112.00\portable\MemMang">
      <UniqueIdentifier>{db317cf8-5780-48af-b529-dae5898ba502}</UniqueIdentifier>
    </Filter>
    <Filter Include="Src\Gen\Os\FreeRTOS\v202112.00\portable\Gcc">
      <UniqueIdentifier>{b63d5488-e0b1-4d15-8165-2317927748c6}</UniqueIdentifier>
    </Filter>
    <Filter Include="Src\Gen\Os\FreeRTOS\v202112.00\portable\Gcc\ATmega">
      <UniqueIdentifier>{c2bc331b-f71a-417f-a929-22fac8031b00}</UniqueIdentifier>
    </Filter>
    <Filter Include="Src\Gen\Sys">
      <UniqueIdentifier>{9dcfee29-8891-4840-8941-984b045e9d75}</UniqueIdentifier>
    </Filter>
    <Filter Include="Src\Gen\Platform">
      <UniqueIdentifier>{dbe1af4f-fb74-4266-bbec-37855c2d4fc8}</UniqueIdentifier>
    </Filter>
    <Filter Include="Src\Gen\Os\Arduino">
      <UniqueIdentifier>{aecff70b-7871-4b32-b049-df59706d87fe}</UniqueIdentifier>
    </Filter>
    <Filter Include="Src\Gen\Os\Arduino\avr-gcc">
      <UniqueIdentifier>{98490a01-2b31-47b3-a52a-8fb0864f44e4}</UniqueIdentifier>
    </Filter>
    <Filter Include="Build">
      <UniqueIdentifier>{c1c92c92-b293-4de7-82f4-b448bf1e9b8c}</UniqueIdentifier>
    </Filter>
    <Filter Include="Build\make">
      <UniqueIdentifier>{bf884b2d-2d7f-4dd6-b315-100470dd1123}</UniqueIdentifier>
    </Filter>
    <Filter Include="Build\make\Gen">
      <UniqueIdentifier>{73354093-796f-4762-969f-ec8c61c65923}</UniqueIdentifier>
    </Filter>
    <Filter Include="Build\make\Prj">
      <UniqueIdentifier>{2d211e65-a51d-4582-b3bf-4c7d62838519}</UniqueIdentifier>
    </Filter>
    <Filter Include="Build\make\Gen\Bsw">
      <UniqueIdentifier>{dab7e2e1-acd8-4f63-b751-2e74ce10254f}</UniqueIdentifier>
    </Filter>
    <Filter Include="Build\make\Gen\Target">
      <UniqueIdentifier>{ced87fd2-380a-4f47-8ad9-d13e83a2b03f}</UniqueIdentifier>
    </Filter>
    <Filter Include="Build\make\Gen\Rules">
      <UniqueIdentifier>{83f86399-ebd2-441e-ab8d-c97921aa57f3}</UniqueIdentifier>
    </Filter>
    <Filter Include="Build\make\Gen\Target\mega">
      <UniqueIdentifier>{209f1faa-2722-4b85-9495-2e75187df058}</UniqueIdentifier>
    </Filter>
    <Filter Include="Src\Prj">
      <UniqueIdentifier>{07beb564-2433-40e4-9a98-8e0f1a00e6e0}</UniqueIdentifier>
    </Filter>
    <Filter Include="Build\make\Gen\Target\win32">
      <UniqueIdentifier>{eda1da46-9736-4187-9b8f-c88558a832e7}</UniqueIdentifier>
    </Filter>
    <Filter Include="Build\make\Prj\UnitTest">
      <UniqueIdentifier>{96721d41-6e57-4fa0-91cb-550f8177a646}</UniqueIdentifier>
    </Filter>
    <Filter Include="Build\make\Prj\UnitTest\Gen">
      <UniqueIdentifier>{9d2ce037-ecdc-4ede-86f2-d443b5aa3f12}</UniqueIdentifier>
    </Filter>
    <Filter Include="Build\make\Prj\UnitTest\Gen\Dcc">
      <UniqueIdentifier>{65727628-1587-4e9a-b4a0-7ff0f65ce064}</UniqueIdentifier>
    </Filter>
    <Filter Include="Build\make\Prj\UnitTest\Gen\Dcc\Ut_Packet">
      <UniqueIdentifier>{d1b949e2-72ec-4fcb-92e9-f609e277923e}</UniqueIdentifier>
    </Filter>
    <Filter Include="Src\Prj\UnitTest">
      <UniqueIdentifier>{c77e9009-667a-49b0-b5ae-7201c63d1cc1}</UniqueIdentifier>
    </Filter>
    <Filter Include="Src\Prj\UnitTest\Gen">
      <UniqueIdentifier>{a2161fdf-54fb-45bb-9381-3ceca8b46863}</UniqueIdentifier>
    </Filter>
    <Filter Include="Src\Prj\UnitTest\Gen\Dcc">
      <UniqueIdentifier>{fe6fab04-4dd3-4c5c-b46f-7946e5d251a2}</UniqueIdentifier>
    </Filter>
    <Filter Include="Src\Prj\UnitTest\Gen\Dcc\Ut_Packet">
      <UniqueIdentifier>{cf069cbf-ebe7-4374-8c01-4a6408340fff}</UniqueIdentifier>
    </Filter>
    <Filter Include="Src\Prj\UnitTest\Gen\Util">
      <UniqueIdentifier>{3afdb546-adca-4e40-be0d-1e985b0ce284}</UniqueIdentifier>
    </Filter>
    <Filter Include="Src\Prj\UnitTest\Gen\Util\Ut_Array">
      <UniqueIdentifier>{a67c6a99-e8f5-4630-b8a2-91c5ea0355d2}</UniqueIdentifier>
    </Filter>
    <Filter Include="Src\Gen\Platform\avr">
      <UniqueIdentifier>{b3d075ca-df8f-4ef1-9b18-3c471265a4b9}</UniqueIdentifier>
    </Filter>
    <Filter Include="Src\Gen\Platform\avr\avrgcc">
      <UniqueIdentifier>{7da63583-ba44-4cdf-8ec0-a57a9953bfbf}</UniqueIdentifier>
    </Filter>
    <Filter Include="Src\Gen\Platform\x86">
      <UniqueIdentifier>{b6993ff7-3051-4d3a-a991-1be5d7138bc1}</UniqueIdentifier>
    </Filter>
    <Filter Include="Src\Gen\Platform\x86\msvc">
      <UniqueIdentifier>{83c0ede8-557c-40ad-8064-b7ede507b3aa}</UniqueIdentifier>
    </Filter>
    <Filter Include="Src\Prj\UnitTest\Gen\Dcc\Ut_PacketExtractor">
      <UniqueIdentifier>{64f59d93-656f-4991-9fe0-330f9f60e8e7}</UniqueIdentifier>
    </Filter>
    <Filter Include="Build\make\Prj\UnitTest\Gen\Dcc\Ut_PacketExtractor">
      <UniqueIdentifier>{b4613a32-c179-4633-a34c-2f112288c49a}</UniqueIdentifier>
    </Filter>
    <Filter Include="Src\Prj\App">
      <UniqueIdentifier>{305d2ea1-e752-47e0-a58e-25c82aa13c97}</UniqueIdentifier>
    </Filter>
    <Filter Include="Src\Prj\App\BlinkSample">
      <UniqueIdentifier>{795b55c6-74a9-43f3-ba3d-fbe6ff612f6d}</UniqueIdentifier>
    </Filter>
    <Filter Include="Build\make\Prj\App">
      <UniqueIdentifier>{2c52b205-e5e2-4749-93c3-d2d1ecfae699}</UniqueIdentifier>
    </Filter>
    <Filter Include="Build\make\Prj\App\BlinkSample">
      <UniqueIdentifier>{719920ec-d231-44bf-91c1-a50122f5b1f4}</UniqueIdentifier>
    </Filter>
    <Filter Include="Src\Prj\App\DccSniffer">
      <UniqueIdentifier>{8f5c286c-5bb6-476e-841e-942012720c1e}</UniqueIdentifier>
    </Filter>
    <Filter Include="Build\make\Prj\App\DccSniffer">
      <UniqueIdentifier>{09528aa4-0a2b-4f39-8a02-0e17afaf5e92}</UniqueIdentifier>
    </Filter>
    <Filter Include="Src\Gen\Rte">
      <UniqueIdentifier>{d497900d-e12d-460b-ba98-c8de768faa1e}</UniqueIdentifier>
    </Filter>
    <Filter Include="Src\Prj\App\BlinkSample2">
      <UniqueIdentifier>{0ec78b99-b839-40e4-acc1-0d5ee6fca64f}</UniqueIdentifier>
    </Filter>
    <Filter Include="Build\make\Prj\App\BlinkSample2">
      <UniqueIdentifier>{7d2bcb83-ad98-4da5-8a8f-daff459d484e}</UniqueIdentifier>
    </Filter>
    <Filter Include="Src\Prj\UnitTest\Gen\Rte">
      <UniqueIdentifier>{8cfb9ea8-3b0d-4387-8bcb-05a57b5be596}</UniqueIdentifier>
    </Filter>
    <Filter Include="Src\Prj\UnitTest\Gen\Rte\Ut_Rte">
      <UniqueIdentifier>{09212a0b-4f68-49f4-bfd5-af3378135019}</UniqueIdentifier>
    </Filter>
    <Filter Include="Build\make\Prj\UnitTest\Gen\Util">
      <UniqueIdentifier>{dc93a9d3-cb05-4c7f-87fd-2d1bfc43ce6b}</UniqueIdentifier>
    </Filter>
    <Filter Include="Build\make\Prj\UnitTest\Gen\Util\Ut_Array">
      <UniqueIdentifier>{24223632-2550-44d1-998e-5b7bfa0aeedd}</UniqueIdentifier>
    </Filter>
    <Filter Include="Build\make\Prj\UnitTest\Gen\Rte">
      <UniqueIdentifier>{9c7bb4c7-4cdf-4c2d-9a68-7c54f13a2cf6}</UniqueIdentifier>
    </Filter>
  </ItemGroup>
  <ItemGroup>
    <ClCompile Include="Src\Gen\Dcc\Decoder.cpp">
      <Filter>Src\Gen\Dcc</Filter>
    </ClCompile>
    <ClCompile Include="Src\Gen\Os\FreeRTOS\v202112.00\croutine.c">
      <Filter>Src\Gen\Os\FreeRTOS\v202112.00</Filter>
    </ClCompile>
    <ClCompile Include="Src\Gen\Os\FreeRTOS\v202112.00\event_groups.c">
      <Filter>Src\Gen\Os\FreeRTOS\v202112.00</Filter>
    </ClCompile>
    <ClCompile Include="Src\Gen\Os\FreeRTOS\v202112.00\list.c">
      <Filter>Src\Gen\Os\FreeRTOS\v202112.00</Filter>
    </ClCompile>
    <ClCompile Include="Src\Gen\Os\FreeRTOS\v202112.00\queue.c">
      <Filter>Src\Gen\Os\FreeRTOS\v202112.00</Filter>
    </ClCompile>
    <ClCompile Include="Src\Gen\Os\FreeRTOS\v202112.00\stream_buffer.c">
      <Filter>Src\Gen\Os\FreeRTOS\v202112.00</Filter>
    </ClCompile>
    <ClCompile Include="Src\Gen\Os\FreeRTOS\v202112.00\tasks.c">
      <Filter>Src\Gen\Os\FreeRTOS\v202112.00</Filter>
    </ClCompile>
    <ClCompile Include="Src\Gen\Os\FreeRTOS\v202112.00\timers.c">
      <Filter>Src\Gen\Os\FreeRTOS\v202112.00</Filter>
    </ClCompile>
    <ClCompile Include="Src\Gen\Os\FreeRTOS\v202112.00\portable\GCC\ATmega\port.c">
      <Filter>Src\Gen\Os\FreeRTOS\v202112.00\portable\Gcc\ATmega</Filter>
    </ClCompile>
    <ClCompile Include="Src\Gen\Os\FreeRTOS\v202112.00\portable\MemMang\heap_4.c">
      <Filter>Src\Gen\Os\FreeRTOS\v202112.00\portable\MemMang</Filter>
    </ClCompile>
    <ClCompile Include="Src\Prj\UnitTest\Gen\Dcc\Ut_Packet\test.cpp">
      <Filter>Src\Prj\UnitTest\Gen\Dcc\Ut_Packet</Filter>
    </ClCompile>
    <ClCompile Include="Src\Prj\UnitTest\Gen\Util\Ut_Array\Test.cpp">
      <Filter>Src\Prj\UnitTest\Gen\Util\Ut_Array</Filter>
    </ClCompile>
    <ClCompile Include="Src\Prj\UnitTest\Gen\Dcc\Ut_PacketExtractor\test.cpp">
      <Filter>Src\Prj\UnitTest\Gen\Dcc\Ut_PacketExtractor</Filter>
    </ClCompile>
    <ClCompile Include="Src\Prj\App\BlinkSample\BlinkSample.cpp">
      <Filter>Src\Prj\App\BlinkSample</Filter>
    </ClCompile>
    <ClCompile Include="Src\Prj\App\DccSniffer\DccSniffer.cpp">
      <Filter>Src\Prj\App\DccSniffer</Filter>
    </ClCompile>
    <ClCompile Include="Src\Prj\App\BlinkSample2\BlinkSample2.cpp">
      <Filter>Src\Prj\App\BlinkSample2</Filter>
    </ClCompile>
    <ClCompile Include="Src\Prj\UnitTest\Gen\Rte\Ut_Rte\Test.cpp">
      <Filter>Src\Prj\UnitTest\Gen\Rte\Ut_Rte</Filter>
    </ClCompile>
  </ItemGroup>
  <ItemGroup>
    <ClInclude Include="Src\Gen\Dcc\BitExtractor.h">
      <Filter>Src\Gen\Dcc</Filter>
    </ClInclude>
    <ClInclude Include="Src\Gen\Dcc\Decoder.h">
      <Filter>Src\Gen\Dcc</Filter>
    </ClInclude>
    <ClInclude Include="Src\Gen\Dcc\Packet.h">
      <Filter>Src\Gen\Dcc</Filter>
    </ClInclude>
    <ClInclude Include="Src\Gen\Dcc\PacketExtractor.h">
      <Filter>Src\Gen\Dcc</Filter>
    </ClInclude>
    <ClInclude Include="Src\Gen\Os\FreeRTOS\v202112.00\include\atomic.h">
      <Filter>Src\Gen\Os\FreeRTOS\v202112.00\include</Filter>
    </ClInclude>
    <ClInclude Include="Src\Gen\Os\FreeRTOS\v202112.00\include\croutine.h">
      <Filter>Src\Gen\Os\FreeRTOS\v202112.00\include</Filter>
    </ClInclude>
    <ClInclude Include="Src\Gen\Os\FreeRTOS\v202112.00\include\deprecated_definitions.h">
      <Filter>Src\Gen\Os\FreeRTOS\v202112.00\include</Filter>
    </ClInclude>
    <ClInclude Include="Src\Gen\Os\FreeRTOS\v202112.00\include\event_groups.h">
      <Filter>Src\Gen\Os\FreeRTOS\v202112.00\include</Filter>
    </ClInclude>
    <ClInclude Include="Src\Gen\Os\FreeRTOS\v202112.00\include\FreeRTOS.h">
      <Filter>Src\Gen\Os\FreeRTOS\v202112.00\include</Filter>
    </ClInclude>
    <ClInclude Include="Src\Gen\Os\FreeRTOS\v202112.00\include\list.h">
      <Filter>Src\Gen\Os\FreeRTOS\v202112.00\include</Filter>
    </ClInclude>
    <ClInclude Include="Src\Gen\Os\FreeRTOS\v202112.00\include\message_buffer.h">
      <Filter>Src\Gen\Os\FreeRTOS\v202112.00\include</Filter>
    </ClInclude>
    <ClInclude Include="Src\Gen\Os\FreeRTOS\v202112.00\include\mpu_prototypes.h">
      <Filter>Src\Gen\Os\FreeRTOS\v202112.00\include</Filter>
    </ClInclude>
    <ClInclude Include="Src\Gen\Os\FreeRTOS\v202112.00\include\mpu_wrappers.h">
      <Filter>Src\Gen\Os\FreeRTOS\v202112.00\include</Filter>
    </ClInclude>
    <ClInclude Include="Src\Gen\Os\FreeRTOS\v202112.00\include\portable.h">
      <Filter>Src\Gen\Os\FreeRTOS\v202112.00\include</Filter>
    </ClInclude>
    <ClInclude Include="Src\Gen\Os\FreeRTOS\v202112.00\include\projdefs.h">
      <Filter>Src\Gen\Os\FreeRTOS\v202112.00\include</Filter>
    </ClInclude>
    <ClInclude Include="Src\Gen\Os\FreeRTOS\v202112.00\include\queue.h">
      <Filter>Src\Gen\Os\FreeRTOS\v202112.00\include</Filter>
    </ClInclude>
    <ClInclude Include="Src\Gen\Os\FreeRTOS\v202112.00\include\semphr.h">
      <Filter>Src\Gen\Os\FreeRTOS\v202112.00\include</Filter>
    </ClInclude>
    <ClInclude Include="Src\Gen\Os\FreeRTOS\v202112.00\include\stack_macros.h">
      <Filter>Src\Gen\Os\FreeRTOS\v202112.00\include</Filter>
    </ClInclude>
    <ClInclude Include="Src\Gen\Os\FreeRTOS\v202112.00\include\StackMacros.h">
      <Filter>Src\Gen\Os\FreeRTOS\v202112.00\include</Filter>
    </ClInclude>
    <ClInclude Include="Src\Gen\Os\FreeRTOS\v202112.00\include\stream_buffer.h">
      <Filter>Src\Gen\Os\FreeRTOS\v202112.00\include</Filter>
    </ClInclude>
    <ClInclude Include="Src\Gen\Os\FreeRTOS\v202112.00\include\task.h">
      <Filter>Src\Gen\Os\FreeRTOS\v202112.00\include</Filter>
    </ClInclude>
    <ClInclude Include="Src\Gen\Os\FreeRTOS\v202112.00\include\timers.h">
      <Filter>Src\Gen\Os\FreeRTOS\v202112.00\include</Filter>
    </ClInclude>
    <ClInclude Include="Src\Gen\Os\FreeRTOS\v202112.00\portable\GCC\ATmega\portmacro.h">
      <Filter>Src\Gen\Os\FreeRTOS\v202112.00\portable\Gcc\ATmega</Filter>
    </ClInclude>
    <ClInclude Include="Src\Gen\Util\Array.h">
      <Filter>Src\Gen\Util</Filter>
    </ClInclude>
    <ClInclude Include="Src\Gen\Util\Math.h">
      <Filter>Src\Gen\Util</Filter>
    </ClInclude>
    <ClInclude Include="Src\Gen\Util\RingBuffer.h">
      <Filter>Src\Gen\Util</Filter>
    </ClInclude>
    <ClInclude Include="Src\Gen\Util\Timer.h">
      <Filter>Src\Gen\Util</Filter>
    </ClInclude>
    <ClInclude Include="Src\Gen\Util\Vector.h">
      <Filter>Src\Gen\Util</Filter>
    </ClInclude>
    <ClInclude Include="Src\Gen\Sys\Runable.h">
      <Filter>Src\Gen\Sys</Filter>
    </ClInclude>
    <ClInclude Include="Src\Gen\Sys\Scheduler.h">
      <Filter>Src\Gen\Sys</Filter>
    </ClInclude>
    <ClInclude Include="Src\Gen\Platform\Std_Types.h">
      <Filter>Src\Gen\Platform</Filter>
    </ClInclude>
    <ClInclude Include="Src\Gen\Os\Arduino\avr-gcc\OS_Type.h">
      <Filter>Src\Gen\Os\Arduino\avr-gcc</Filter>
    </ClInclude>
    <ClInclude Include="Src\Gen\Platform\avr\avrgcc\Compiler.h">
      <Filter>Src\Gen\Platform\avr\avrgcc</Filter>
    </ClInclude>
    <ClInclude Include="Src\Gen\Platform\avr\avrgcc\Platform_Types.h">
      <Filter>Src\Gen\Platform\avr\avrgcc</Filter>
    </ClInclude>
    <ClInclude Include="Src\Gen\Platform\x86\msvc\Compiler.h">
      <Filter>Src\Gen\Platform\x86\msvc</Filter>
    </ClInclude>
    <ClInclude Include="Src\Gen\Platform\x86\msvc\Platform_Types.h">
      <Filter>Src\Gen\Platform\x86\msvc</Filter>
    </ClInclude>
    <ClInclude Include="Src\Gen\Rte\Rte_Type.h">
      <Filter>Src\Gen\Rte</Filter>
    </ClInclude>
    <ClInclude Include="Src\Gen\Rte\Rte_Type_Runable.h">
      <Filter>Src\Gen\Rte</Filter>
    </ClInclude>
    <ClInclude Include="Src\Gen\Rte\Rte_Type_Ifc.h">
      <Filter>Src\Gen\Rte</Filter>
    </ClInclude>
    <ClInclude Include="Src\Gen\Rte\Rte.h">
      <Filter>Src\Gen\Rte</Filter>
    </ClInclude>
    <ClInclude Include="Src\Prj\UnitTest\Gen\Rte\Ut_Rte\Arduino.h">
      <Filter>Src\Prj\UnitTest\Gen\Rte\Ut_Rte</Filter>
    </ClInclude>
  </ItemGroup>
  <ItemGroup>
    <None Include="Src\Gen\Os\FreeRTOS\v202112.00\include\stdint.readme">
      <Filter>Src\Gen\Os\FreeRTOS\v202112.00\include</Filter>
    </None>
    <None Include="Build\Build.bat">
      <Filter>Build</Filter>
    </None>
    <None Include="Build\make\Makefile.gmk">
      <Filter>Build\make</Filter>
    </None>
    <None Include="Build\make\Gen\Bsw\Makefile_Bsw.gmk">
      <Filter>Build\make\Gen\Bsw</Filter>
    </None>
    <None Include="Build\make\Gen\Rules\Makefile_Rules.gmk">
      <Filter>Build\make\Gen\Rules</Filter>
    </None>
    <None Include="Build\make\Gen\Target\mega\Makefile_Target.gmk">
      <Filter>Build\make\Gen\Target\mega</Filter>
    </None>
    <None Include="Build\make\Gen\Target\win32\Makefile_Target.gmk">
      <Filter>Build\make\Gen\Target\win32</Filter>
    </None>
    <None Include="Build\make\Prj\UnitTest\Gen\Dcc\Ut_Packet\Makefile_Prj.gmk">
      <Filter>Build\make\Prj\UnitTest\Gen\Dcc\Ut_Packet</Filter>
    </None>
    <None Include="Build\make\Prj\UnitTest\Gen\Util\Ut_Array\Makefile_Prj.gmk">
      <Filter>Build\make\Prj\UnitTest\Gen\Util\Ut_Array</Filter>
    </None>
    <None Include="Build\make\Prj\UnitTest\Gen\Dcc\Ut_PacketExtractor\Makefile_Prj.gmk">
      <Filter>Build\make\Prj\UnitTest\Gen\Dcc\Ut_PacketExtractor</Filter>
    </None>
    <None Include="Build\make\Prj\App\BlinkSample\Makefile_Prj.gmk">
      <Filter>Build\make\Prj\App\BlinkSample</Filter>
    </None>
    <None Include="Build\make\Prj\App\DccSniffer\Makefile_Prj.gmk">
      <Filter>Build\make\Prj\App\DccSniffer</Filter>
    </None>
    <None Include="Build\make\Prj\App\BlinkSample2\Makefile_Prj.gmk">
      <Filter>Build\make\Prj\App\BlinkSample2</Filter>
    </None>
    <None Include="Build\make\Prj\UnitTest\Gen\Rte\Ut_Rte\Makefile_Prj.gmk">
      <Filter>Build\make\Prj\UnitTest\Gen\Rte</Filter>
    </None>
  </ItemGroup>
</Project>