
Microsoft Visual Studio Solution File, Format Version 12.00
# Visual Studio 15
VisualStudioVersion = 15.0.28307.271
MinimumVisualStudioVersion = 10.0.40219.1
Project("{8BC9CEB8-8B4A-11D0-8D11-00A0C91BC942}") = "Arduino", "Arduino.vcxproj", "{F1EA4A64-8F93-415E-9A1A-796AEA204A71}"
EndProject
Project("{8BC9CEB8-8B4A-11D0-8D11-00A0C91BC942}") = "DccDecoderMicrosoftTest", "Prj\DccDecoder\DccDecoderMicrosoftTest\DccDecoderMicrosoftTest.vcxproj", "{6799375C-B4ED-4506-BE9B-E7BA2E542BF3}"
EndProject
Project("{8BC9CEB8-8B4A-11D0-8D11-00A0C91BC942}") = "SerialMonitor", "..\PC\SerialMonitor\SerialMonitor.vcxproj", "{CF5BC1EE-4693-47E8-9DB9-9824DC72ED35}"
EndProject
Global
	GlobalSection(SolutionConfigurationPlatforms) = preSolution
		BlinkSample Compile|x64 = BlinkSample Compile|x64
		BlinkSample Compile|x86 = BlinkSample Compile|x86
		BlinkSample Program|x64 = BlinkSample Program|x64
		BlinkSample Program|x86 = BlinkSample Program|x86
		DccDecoder Compile|x64 = DccDecoder Compile|x64
		DccDecoder Compile|x86 = DccDecoder Compile|x86
		DccDecoder Program|x64 = DccDecoder Program|x64
		DccDecoder Program|x86 = DccDecoder Program|x86
		DccDecoderTest Compile|x64 = DccDecoderTest Compile|x64
		DccDecoderTest Compile|x86 = DccDecoderTest Compile|x86
		DccDecoderTest Program|x64 = DccDecoderTest Program|x64
		DccDecoderTest Program|x86 = DccDecoderTest Program|x86
		FireFlicker Compile|x64 = FireFlicker Compile|x64
		FireFlicker Compile|x86 = FireFlicker Compile|x86
		FireFlicker Program|x64 = FireFlicker Program|x64
		FireFlicker Program|x86 = FireFlicker Program|x86
		Signal Compile|x64 = Signal Compile|x64
		Signal Compile|x86 = Signal Compile|x86
		Signal Program|x64 = Signal Program|x64
		Signal Program|x86 = Signal Program|x86
	EndGlobalSection
	GlobalSection(ProjectConfigurationPlatforms) = postSolution
		{F1EA4A64-8F93-415E-9A1A-796AEA204A71}.BlinkSample Compile|x64.ActiveCfg = BlinkSample Compile|Win32
		{F1EA4A64-8F93-415E-9A1A-796AEA204A71}.BlinkSample Compile|x86.ActiveCfg = BlinkSample Compile|Win32
		{F1EA4A64-8F93-415E-9A1A-796AEA204A71}.BlinkSample Compile|x86.Build.0 = BlinkSample Compile|Win32
		{F1EA4A64-8F93-415E-9A1A-796AEA204A71}.BlinkSample Program|x64.ActiveCfg = BlinkSample Program|Win32
		{F1EA4A64-8F93-415E-9A1A-796AEA204A71}.BlinkSample Program|x86.ActiveCfg = BlinkSample Program|Win32
		{F1EA4A64-8F93-415E-9A1A-796AEA204A71}.BlinkSample Program|x86.Build.0 = BlinkSample Program|Win32
		{F1EA4A64-8F93-415E-9A1A-796AEA204A71}.DccDecoder Compile|x64.ActiveCfg = DccDecoder Compile|Win32
		{F1EA4A64-8F93-415E-9A1A-796AEA204A71}.DccDecoder Compile|x86.ActiveCfg = DccDecoder Compile|Win32
		{F1EA4A64-8F93-415E-9A1A-796AEA204A71}.DccDecoder Compile|x86.Build.0 = DccDecoder Compile|Win32
		{F1EA4A64-8F93-415E-9A1A-796AEA204A71}.DccDecoder Program|x64.ActiveCfg = DccDecoder Program|Win32
		{F1EA4A64-8F93-415E-9A1A-796AEA204A71}.DccDecoder Program|x86.ActiveCfg = DccDecoder Program|Win32
		{F1EA4A64-8F93-415E-9A1A-796AEA204A71}.DccDecoder Program|x86.Build.0 = DccDecoder Program|Win32
		{F1EA4A64-8F93-415E-9A1A-796AEA204A71}.DccDecoderTest Compile|x64.ActiveCfg = DccDecoderTest Compile|Win32
		{F1EA4A64-8F93-415E-9A1A-796AEA204A71}.DccDecoderTest Compile|x86.ActiveCfg = DccDecoderTest Compile|Win32
		{F1EA4A64-8F93-415E-9A1A-796AEA204A71}.DccDecoderTest Program|x64.ActiveCfg = DccDecoderTest Program|Win32
		{F1EA4A64-8F93-415E-9A1A-796AEA204A71}.DccDecoderTest Program|x86.ActiveCfg = DccDecoderTest Program|Win32
		{F1EA4A64-8F93-415E-9A1A-796AEA204A71}.FireFlicker Compile|x64.ActiveCfg = FireFlicker Compile|Win32
		{F1EA4A64-8F93-415E-9A1A-796AEA204A71}.FireFlicker Compile|x86.ActiveCfg = FireFlicker Compile|Win32
		{F1EA4A64-8F93-415E-9A1A-796AEA204A71}.FireFlicker Compile|x86.Build.0 = FireFlicker Compile|Win32
		{F1EA4A64-8F93-415E-9A1A-796AEA204A71}.FireFlicker Program|x64.ActiveCfg = BlinkSample Program|Win32
		{F1EA4A64-8F93-415E-9A1A-796AEA204A71}.FireFlicker Program|x86.ActiveCfg = FireFlicker Program|Win32
		{F1EA4A64-8F93-415E-9A1A-796AEA204A71}.FireFlicker Program|x86.Build.0 = FireFlicker Program|Win32
		{F1EA4A64-8F93-415E-9A1A-796AEA204A71}.Signal Compile|x64.ActiveCfg = BlinkSample Compile|Win32
		{F1EA4A64-8F93-415E-9A1A-796AEA204A71}.Signal Compile|x86.ActiveCfg = Signal Compile|Win32
		{F1EA4A64-8F93-415E-9A1A-796AEA204A71}.Signal Compile|x86.Build.0 = Signal Compile|Win32
		{F1EA4A64-8F93-415E-9A1A-796AEA204A71}.Signal Program|x64.ActiveCfg = BlinkSample Program|Win32
		{F1EA4A64-8F93-415E-9A1A-796AEA204A71}.Signal Program|x86.ActiveCfg = Signal Program|Win32
		{F1EA4A64-8F93-415E-9A1A-796AEA204A71}.Signal Program|x86.Build.0 = Signal Program|Win32
		{6799375C-B4ED-4506-BE9B-E7BA2E542BF3}.BlinkSample Compile|x64.ActiveCfg = Release|x64
		{6799375C-B4ED-4506-BE9B-E7BA2E542BF3}.BlinkSample Compile|x64.Build.0 = Release|x64
		{6799375C-B4ED-4506-BE9B-E7BA2E542BF3}.BlinkSample Compile|x86.ActiveCfg = Release|Win32
		{6799375C-B4ED-4506-BE9B-E7BA2E542BF3}.BlinkSample Compile|x86.Build.0 = Release|Win32
		{6799375C-B4ED-4506-BE9B-E7BA2E542BF3}.BlinkSample Program|x64.ActiveCfg = Release|x64
		{6799375C-B4ED-4506-BE9B-E7BA2E542BF3}.BlinkSample Program|x64.Build.0 = Release|x64
		{6799375C-B4ED-4506-BE9B-E7BA2E542BF3}.BlinkSample Program|x86.ActiveCfg = Release|Win32
		{6799375C-B4ED-4506-BE9B-E7BA2E542BF3}.BlinkSample Program|x86.Build.0 = Release|Win32
		{6799375C-B4ED-4506-BE9B-E7BA2E542BF3}.DccDecoder Compile|x64.ActiveCfg = Debug|x64
		{6799375C-B4ED-4506-BE9B-E7BA2E542BF3}.DccDecoder Compile|x64.Build.0 = Debug|x64
		{6799375C-B4ED-4506-BE9B-E7BA2E542BF3}.DccDecoder Compile|x86.ActiveCfg = Debug|Win32
		{6799375C-B4ED-4506-BE9B-E7BA2E542BF3}.DccDecoder Compile|x86.Build.0 = Debug|Win32
		{6799375C-B4ED-4506-BE9B-E7BA2E542BF3}.DccDecoder Program|x64.ActiveCfg = Debug|x64
		{6799375C-B4ED-4506-BE9B-E7BA2E542BF3}.DccDecoder Program|x64.Build.0 = Debug|x64
		{6799375C-B4ED-4506-BE9B-E7BA2E542BF3}.DccDecoder Program|x86.ActiveCfg = Debug|Win32
		{6799375C-B4ED-4506-BE9B-E7BA2E542BF3}.DccDecoder Program|x86.Build.0 = Debug|Win32
		{6799375C-B4ED-4506-BE9B-E7BA2E542BF3}.DccDecoderTest Compile|x64.ActiveCfg = Debug|x64
		{6799375C-B4ED-4506-BE9B-E7BA2E542BF3}.DccDecoderTest Compile|x64.Build.0 = Debug|x64
		{6799375C-B4ED-4506-BE9B-E7BA2E542BF3}.DccDecoderTest Compile|x86.ActiveCfg = Debug|Win32
		{6799375C-B4ED-4506-BE9B-E7BA2E542BF3}.DccDecoderTest Compile|x86.Build.0 = Debug|Win32
		{6799375C-B4ED-4506-BE9B-E7BA2E542BF3}.DccDecoderTest Program|x64.ActiveCfg = Debug|x64
		{6799375C-B4ED-4506-BE9B-E7BA2E542BF3}.DccDecoderTest Program|x64.Build.0 = Debug|x64
		{6799375C-B4ED-4506-BE9B-E7BA2E542BF3}.DccDecoderTest Program|x86.ActiveCfg = Debug|Win32
		{6799375C-B4ED-4506-BE9B-E7BA2E542BF3}.DccDecoderTest Program|x86.Build.0 = Debug|Win32
		{6799375C-B4ED-4506-BE9B-E7BA2E542BF3}.FireFlicker Compile|x64.ActiveCfg = FireFlicker Compile|x64
		{6799375C-B4ED-4506-BE9B-E7BA2E542BF3}.FireFlicker Compile|x64.Build.0 = FireFlicker Compile|x64
		{6799375C-B4ED-4506-BE9B-E7BA2E542BF3}.FireFlicker Compile|x86.ActiveCfg = FireFlicker Compile|Win32
		{6799375C-B4ED-4506-BE9B-E7BA2E542BF3}.FireFlicker Compile|x86.Build.0 = FireFlicker Compile|Win32
		{6799375C-B4ED-4506-BE9B-E7BA2E542BF3}.FireFlicker Program|x64.ActiveCfg = Release|x64
		{6799375C-B4ED-4506-BE9B-E7BA2E542BF3}.FireFlicker Program|x64.Build.0 = Release|x64
		{6799375C-B4ED-4506-BE9B-E7BA2E542BF3}.FireFlicker Program|x86.ActiveCfg = Release|Win32
		{6799375C-B4ED-4506-BE9B-E7BA2E542BF3}.FireFlicker Program|x86.Build.0 = Release|Win32
		{6799375C-B4ED-4506-BE9B-E7BA2E542BF3}.Signal Compile|x64.ActiveCfg = Release|x64
		{6799375C-B4ED-4506-BE9B-E7BA2E542BF3}.Signal Compile|x64.Build.0 = Release|x64
		{6799375C-B4ED-4506-BE9B-E7BA2E542BF3}.Signal Compile|x86.ActiveCfg = Release|Win32
		{6799375C-B4ED-4506-BE9B-E7BA2E542BF3}.Signal Compile|x86.Build.0 = Release|Win32
		{6799375C-B4ED-4506-BE9B-E7BA2E542BF3}.Signal Program|x64.ActiveCfg = Release|x64
		{6799375C-B4ED-4506-BE9B-E7BA2E542BF3}.Signal Program|x64.Build.0 = Release|x64
		{6799375C-B4ED-4506-BE9B-E7BA2E542BF3}.Signal Program|x86.ActiveCfg = Release|Win32
		{6799375C-B4ED-4506-BE9B-E7BA2E542BF3}.Signal Program|x86.Build.0 = Release|Win32
		{CF5BC1EE-4693-47E8-9DB9-9824DC72ED35}.BlinkSample Compile|x64.ActiveCfg = Release|x64
		{CF5BC1EE-4693-47E8-9DB9-9824DC72ED35}.BlinkSample Compile|x64.Build.0 = Release|x64
		{CF5BC1EE-4693-47E8-9DB9-9824DC72ED35}.BlinkSample Compile|x86.ActiveCfg = Release|Win32
		{CF5BC1EE-4693-47E8-9DB9-9824DC72ED35}.BlinkSample Compile|x86.Build.0 = Release|Win32
		{CF5BC1EE-4693-47E8-9DB9-9824DC72ED35}.BlinkSample Program|x64.ActiveCfg = Release|x64
		{CF5BC1EE-4693-47E8-9DB9-9824DC72ED35}.BlinkSample Program|x64.Build.0 = Release|x64
		{CF5BC1EE-4693-47E8-9DB9-9824DC72ED35}.BlinkSample Program|x86.ActiveCfg = Release|Win32
		{CF5BC1EE-4693-47E8-9DB9-9824DC72ED35}.BlinkSample Program|x86.Build.0 = Release|Win32
		{CF5BC1EE-4693-47E8-9DB9-9824DC72ED35}.DccDecoder Compile|x64.ActiveCfg = Debug|x64
		{CF5BC1EE-4693-47E8-9DB9-9824DC72ED35}.DccDecoder Compile|x64.Build.0 = Debug|x64
		{CF5BC1EE-4693-47E8-9DB9-9824DC72ED35}.DccDecoder Compile|x86.ActiveCfg = Debug|Win32
		{CF5BC1EE-4693-47E8-9DB9-9824DC72ED35}.DccDecoder Compile|x86.Build.0 = Debug|Win32
		{CF5BC1EE-4693-47E8-9DB9-9824DC72ED35}.DccDecoder Program|x64.ActiveCfg = Debug|x64
		{CF5BC1EE-4693-47E8-9DB9-9824DC72ED35}.DccDecoder Program|x64.Build.0 = Debug|x64
		{CF5BC1EE-4693-47E8-9DB9-9824DC72ED35}.DccDecoder Program|x86.ActiveCfg = Debug|Win32
		{CF5BC1EE-4693-47E8-9DB9-9824DC72ED35}.DccDecoder Program|x86.Build.0 = Debug|Win32
		{CF5BC1EE-4693-47E8-9DB9-9824DC72ED35}.DccDecoderTest Compile|x64.ActiveCfg = Debug|x64
		{CF5BC1EE-4693-47E8-9DB9-9824DC72ED35}.DccDecoderTest Compile|x64.Build.0 = Debug|x64
		{CF5BC1EE-4693-47E8-9DB9-9824DC72ED35}.DccDecoderTest Compile|x86.ActiveCfg = Debug|Win32
		{CF5BC1EE-4693-47E8-9DB9-9824DC72ED35}.DccDecoderTest Compile|x86.Build.0 = Debug|Win32
		{CF5BC1EE-4693-47E8-9DB9-9824DC72ED35}.DccDecoderTest Program|x64.ActiveCfg = Debug|x64
		{CF5BC1EE-4693-47E8-9DB9-9824DC72ED35}.DccDecoderTest Program|x64.Build.0 = Debug|x64
		{CF5BC1EE-4693-47E8-9DB9-9824DC72ED35}.DccDecoderTest Program|x86.ActiveCfg = Debug|Win32
		{CF5BC1EE-4693-47E8-9DB9-9824DC72ED35}.DccDecoderTest Program|x86.Build.0 = Debug|Win32
		{CF5BC1EE-4693-47E8-9DB9-9824DC72ED35}.FireFlicker Compile|x64.ActiveCfg = FireFlicker Compile|x64
		{CF5BC1EE-4693-47E8-9DB9-9824DC72ED35}.FireFlicker Compile|x64.Build.0 = FireFlicker Compile|x64
		{CF5BC1EE-4693-47E8-9DB9-9824DC72ED35}.FireFlicker Compile|x86.ActiveCfg = FireFlicker Compile|Win32
		{CF5BC1EE-4693-47E8-9DB9-9824DC72ED35}.FireFlicker Compile|x86.Build.0 = FireFlicker Compile|Win32
		{CF5BC1EE-4693-47E8-9DB9-9824DC72ED35}.FireFlicker Program|x64.ActiveCfg = Release|x64
		{CF5BC1EE-4693-47E8-9DB9-9824DC72ED35}.FireFlicker Program|x64.Build.0 = Release|x64
		{CF5BC1EE-4693-47E8-9DB9-9824DC72ED35}.FireFlicker Program|x86.ActiveCfg = Release|Win32
		{CF5BC1EE-4693-47E8-9DB9-9824DC72ED35}.FireFlicker Program|x86.Build.0 = Release|Win32
		{CF5BC1EE-4693-47E8-9DB9-9824DC72ED35}.Signal Compile|x64.ActiveCfg = Release|x64
		{CF5BC1EE-4693-47E8-9DB9-9824DC72ED35}.Signal Compile|x64.Build.0 = Release|x64
		{CF5BC1EE-4693-47E8-9DB9-9824DC72ED35}.Signal Compile|x86.ActiveCfg = Release|Win32
		{CF5BC1EE-4693-47E8-9DB9-9824DC72ED35}.Signal Compile|x86.Build.0 = Release|Win32
		{CF5BC1EE-4693-47E8-9DB9-9824DC72ED35}.Signal Program|x64.ActiveCfg = Release|x64
		{CF5BC1EE-4693-47E8-9DB9-9824DC72ED35}.Signal Program|x64.Build.0 = Release|x64
		{CF5BC1EE-4693-47E8-9DB9-9824DC72ED35}.Signal Program|x86.ActiveCfg = Release|Win32
		{CF5BC1EE-4693-47E8-9DB9-9824DC72ED35}.Signal Program|x86.Build.0 = Release|Win32
	EndGlobalSection
	GlobalSection(SolutionProperties) = preSolution
		HideSolutionNode = FALSE
	EndGlobalSection
	GlobalSection(ExtensibilityGlobals) = postSolution
		SolutionGuid = {F1987C21-825C-4FEE-A687-B9894EF4DAA7}
	EndGlobalSection
EndGlobal
