
Microsoft Visual Studio Solution File, Format Version 12.00
# Visual Studio 15
VisualStudioVersion = 15.0.28307.271
MinimumVisualStudioVersion = 10.0.40219.1
Project("{8BC9CEB8-8B4A-11D0-8D11-00A0C91BC942}") = "Arduino", "Arduino.vcxproj", "{F1EA4A64-8F93-415E-9A1A-796AEA204A71}"
EndProject
Project("{8BC9CEB8-8B4A-11D0-8D11-00A0C91BC942}") = "SerialMonitor", "..\PC\SerialMonitor\SerialMonitor.vcxproj", "{CF5BC1EE-4693-47E8-9DB9-9824DC72ED35}"
EndProject
Global
	GlobalSection(SolutionConfigurationPlatforms) = preSolution
		BlinkSample Build|x64 = BlinkSample Build|x64
		BlinkSample Build|x86 = BlinkSample Build|x86
		BlinkSample Program|x64 = BlinkSample Program|x64
		BlinkSample Program|x86 = BlinkSample Program|x86
		BlinkSample2 Build|x64 = BlinkSample2 Build|x64
		BlinkSample2 Build|x86 = BlinkSample2 Build|x86
		DccDecoder Build|x64 = DccDecoder Build|x64
		DccDecoder Build|x86 = DccDecoder Build|x86
		DccDecoder Program|x64 = DccDecoder Program|x64
		DccDecoder Program|x86 = DccDecoder Program|x86
		DccDecoderTest Build|x64 = DccDecoderTest Build|x64
		DccDecoderTest Build|x86 = DccDecoderTest Build|x86
		DccDecoderTest Program|x64 = DccDecoderTest Program|x64
		DccDecoderTest Program|x86 = DccDecoderTest Program|x86
		Debug|x64 = Debug|x64
		Debug|x86 = Debug|x86
		FireFlicker Build|x64 = FireFlicker Build|x64
		FireFlicker Build|x86 = FireFlicker Build|x86
		FireFlicker Program|x64 = FireFlicker Program|x64
		FireFlicker Program|x86 = FireFlicker Program|x86
		FreeRTOSDemo Build|x64 = FreeRTOSDemo Build|x64
		FreeRTOSDemo Build|x86 = FreeRTOSDemo Build|x86
		FreeRTOSDemo Program|x64 = FreeRTOSDemo Program|x64
		FreeRTOSDemo Program|x86 = FreeRTOSDemo Program|x86
		Release|x64 = Release|x64
		Release|x86 = Release|x86
		Signal Build|x64 = Signal Build|x64
		Signal Build|x86 = Signal Build|x86
		Signal Program|x64 = Signal Program|x64
		Signal Program|x86 = Signal Program|x86
		Ut_Gen_Dcc_Packet Build|x64 = Ut_Gen_Dcc_Packet Build|x64
		Ut_Gen_Dcc_Packet Build|x86 = Ut_Gen_Dcc_Packet Build|x86
		Ut_Gen_Dcc_PacketExtractor Build|x64 = Ut_Gen_Dcc_PacketExtractor Build|x64
		Ut_Gen_Dcc_PacketExtractor Build|x86 = Ut_Gen_Dcc_PacketExtractor Build|x86
		Ut_Gen_Rte_Rte Build|x64 = Ut_Gen_Rte_Rte Build|x64
		Ut_Gen_Rte_Rte Build|x86 = Ut_Gen_Rte_Rte Build|x86
		Ut_Gen_Util_Array Build|x64 = Ut_Gen_Util_Array Build|x64
		Ut_Gen_Util_Array Build|x86 = Ut_Gen_Util_Array Build|x86
	EndGlobalSection
	GlobalSection(ProjectConfigurationPlatforms) = postSolution
		{F1EA4A64-8F93-415E-9A1A-796AEA204A71}.BlinkSample Build|x64.ActiveCfg = Ut_Gen_Util_Array Build|Win32
		{F1EA4A64-8F93-415E-9A1A-796AEA204A71}.BlinkSample Build|x64.Build.0 = Ut_Gen_Util_Array Build|Win32
		{F1EA4A64-8F93-415E-9A1A-796AEA204A71}.BlinkSample Build|x86.ActiveCfg = BlinkSample Compile|Win32
		{F1EA4A64-8F93-415E-9A1A-796AEA204A71}.BlinkSample Build|x86.Build.0 = BlinkSample Compile|Win32
		{F1EA4A64-8F93-415E-9A1A-796AEA204A71}.BlinkSample Program|x64.ActiveCfg = BlinkSample Program|Win32
		{F1EA4A64-8F93-415E-9A1A-796AEA204A71}.BlinkSample Program|x86.ActiveCfg = BlinkSample Program|Win32
		{F1EA4A64-8F93-415E-9A1A-796AEA204A71}.BlinkSample Program|x86.Build.0 = BlinkSample Program|Win32
		{F1EA4A64-8F93-415E-9A1A-796AEA204A71}.BlinkSample2 Build|x64.ActiveCfg = BlinkSample2 Build|Win32
		{F1EA4A64-8F93-415E-9A1A-796AEA204A71}.BlinkSample2 Build|x86.ActiveCfg = BlinkSample2 Build|Win32
		{F1EA4A64-8F93-415E-9A1A-796AEA204A71}.BlinkSample2 Build|x86.Build.0 = BlinkSample2 Build|Win32
		{F1EA4A64-8F93-415E-9A1A-796AEA204A71}.DccDecoder Build|x64.ActiveCfg = Ut_Gen_Util_Array Build|Win32
		{F1EA4A64-8F93-415E-9A1A-796AEA204A71}.DccDecoder Build|x64.Build.0 = Ut_Gen_Util_Array Build|Win32
		{F1EA4A64-8F93-415E-9A1A-796AEA204A71}.DccDecoder Build|x86.ActiveCfg = DccDecoder Compile|Win32
		{F1EA4A64-8F93-415E-9A1A-796AEA204A71}.DccDecoder Build|x86.Build.0 = DccDecoder Compile|Win32
		{F1EA4A64-8F93-415E-9A1A-796AEA204A71}.DccDecoder Program|x64.ActiveCfg = DccDecoder Program|Win32
		{F1EA4A64-8F93-415E-9A1A-796AEA204A71}.DccDecoder Program|x86.ActiveCfg = DccDecoder Program|Win32
		{F1EA4A64-8F93-415E-9A1A-796AEA204A71}.DccDecoder Program|x86.Build.0 = DccDecoder Program|Win32
		{F1EA4A64-8F93-415E-9A1A-796AEA204A71}.DccDecoderTest Build|x64.ActiveCfg = Ut_Gen_Util_Array Build|Win32
		{F1EA4A64-8F93-415E-9A1A-796AEA204A71}.DccDecoderTest Build|x64.Build.0 = Ut_Gen_Util_Array Build|Win32
		{F1EA4A64-8F93-415E-9A1A-796AEA204A71}.DccDecoderTest Build|x86.ActiveCfg = DccDecoderTest Compile|Win32
		{F1EA4A64-8F93-415E-9A1A-796AEA204A71}.DccDecoderTest Program|x64.ActiveCfg = DccDecoderTest Program|Win32
		{F1EA4A64-8F93-415E-9A1A-796AEA204A71}.DccDecoderTest Program|x86.ActiveCfg = DccDecoderTest Program|Win32
		{F1EA4A64-8F93-415E-9A1A-796AEA204A71}.Debug|x64.ActiveCfg = Ut_Gen_Util_Array Build|Win32
		{F1EA4A64-8F93-415E-9A1A-796AEA204A71}.Debug|x64.Build.0 = Ut_Gen_Util_Array Build|Win32
		{F1EA4A64-8F93-415E-9A1A-796AEA204A71}.Debug|x86.ActiveCfg = DccDecoderTest Program|Win32
		{F1EA4A64-8F93-415E-9A1A-796AEA204A71}.FireFlicker Build|x64.ActiveCfg = Ut_Gen_Util_Array Build|Win32
		{F1EA4A64-8F93-415E-9A1A-796AEA204A71}.FireFlicker Build|x64.Build.0 = Ut_Gen_Util_Array Build|Win32
		{F1EA4A64-8F93-415E-9A1A-796AEA204A71}.FireFlicker Build|x86.ActiveCfg = FireFlicker Compile|Win32
		{F1EA4A64-8F93-415E-9A1A-796AEA204A71}.FireFlicker Build|x86.Build.0 = FireFlicker Compile|Win32
		{F1EA4A64-8F93-415E-9A1A-796AEA204A71}.FireFlicker Program|x64.ActiveCfg = FireFlicker Program|Win32
		{F1EA4A64-8F93-415E-9A1A-796AEA204A71}.FireFlicker Program|x86.ActiveCfg = FireFlicker Program|Win32
		{F1EA4A64-8F93-415E-9A1A-796AEA204A71}.FireFlicker Program|x86.Build.0 = FireFlicker Program|Win32
		{F1EA4A64-8F93-415E-9A1A-796AEA204A71}.FreeRTOSDemo Build|x64.ActiveCfg = FreeRTOSDemo Build|Win32
		{F1EA4A64-8F93-415E-9A1A-796AEA204A71}.FreeRTOSDemo Build|x86.ActiveCfg = FreeRTOSDemo Build|Win32
		{F1EA4A64-8F93-415E-9A1A-796AEA204A71}.FreeRTOSDemo Build|x86.Build.0 = FreeRTOSDemo Build|Win32
		{F1EA4A64-8F93-415E-9A1A-796AEA204A71}.FreeRTOSDemo Program|x64.ActiveCfg = FreeRTOSDemo Program|Win32
		{F1EA4A64-8F93-415E-9A1A-796AEA204A71}.FreeRTOSDemo Program|x86.ActiveCfg = FreeRTOSDemo Program|Win32
		{F1EA4A64-8F93-415E-9A1A-796AEA204A71}.FreeRTOSDemo Program|x86.Build.0 = FreeRTOSDemo Program|Win32
		{F1EA4A64-8F93-415E-9A1A-796AEA204A71}.Release|x64.ActiveCfg = Ut_Gen_Util_Array Build|Win32
		{F1EA4A64-8F93-415E-9A1A-796AEA204A71}.Release|x64.Build.0 = Ut_Gen_Util_Array Build|Win32
		{F1EA4A64-8F93-415E-9A1A-796AEA204A71}.Release|x86.ActiveCfg = Signal Program|Win32
		{F1EA4A64-8F93-415E-9A1A-796AEA204A71}.Release|x86.Build.0 = Signal Program|Win32
		{F1EA4A64-8F93-415E-9A1A-796AEA204A71}.Signal Build|x64.ActiveCfg = Ut_Gen_Util_Array Build|Win32
		{F1EA4A64-8F93-415E-9A1A-796AEA204A71}.Signal Build|x64.Build.0 = Ut_Gen_Util_Array Build|Win32
		{F1EA4A64-8F93-415E-9A1A-796AEA204A71}.Signal Build|x86.ActiveCfg = Signal Compile|Win32
		{F1EA4A64-8F93-415E-9A1A-796AEA204A71}.Signal Build|x86.Build.0 = Signal Compile|Win32
		{F1EA4A64-8F93-415E-9A1A-796AEA204A71}.Signal Program|x64.ActiveCfg = Signal Program|Win32
		{F1EA4A64-8F93-415E-9A1A-796AEA204A71}.Signal Program|x86.ActiveCfg = Signal Program|Win32
		{F1EA4A64-8F93-415E-9A1A-796AEA204A71}.Signal Program|x86.Build.0 = Signal Program|Win32
		{F1EA4A64-8F93-415E-9A1A-796AEA204A71}.Ut_Gen_Dcc_Packet Build|x64.ActiveCfg = Ut_Gen_Util_Array Build|Win32
		{F1EA4A64-8F93-415E-9A1A-796AEA204A71}.Ut_Gen_Dcc_Packet Build|x64.Build.0 = Ut_Gen_Util_Array Build|Win32
		{F1EA4A64-8F93-415E-9A1A-796AEA204A71}.Ut_Gen_Dcc_Packet Build|x86.ActiveCfg = Ut_Gen_Dcc_Packet Build|Win32
		{F1EA4A64-8F93-415E-9A1A-796AEA204A71}.Ut_Gen_Dcc_Packet Build|x86.Build.0 = Ut_Gen_Dcc_Packet Build|Win32
		{F1EA4A64-8F93-415E-9A1A-796AEA204A71}.Ut_Gen_Dcc_PacketExtractor Build|x64.ActiveCfg = Ut_Gen_Dcc_PacketExtractor Build|Win32
		{F1EA4A64-8F93-415E-9A1A-796AEA204A71}.Ut_Gen_Dcc_PacketExtractor Build|x86.ActiveCfg = Ut_Gen_Dcc_PacketExtractor Build|Win32
		{F1EA4A64-8F93-415E-9A1A-796AEA204A71}.Ut_Gen_Dcc_PacketExtractor Build|x86.Build.0 = Ut_Gen_Dcc_PacketExtractor Build|Win32
		{F1EA4A64-8F93-415E-9A1A-796AEA204A71}.Ut_Gen_Rte_Rte Build|x64.ActiveCfg = Ut_Gen_Rte_Rte Build|Win32
		{F1EA4A64-8F93-415E-9A1A-796AEA204A71}.Ut_Gen_Rte_Rte Build|x86.ActiveCfg = Ut_Gen_Rte_Rte Build|Win32
		{F1EA4A64-8F93-415E-9A1A-796AEA204A71}.Ut_Gen_Rte_Rte Build|x86.Build.0 = Ut_Gen_Rte_Rte Build|Win32
		{F1EA4A64-8F93-415E-9A1A-796AEA204A71}.Ut_Gen_Util_Array Build|x64.ActiveCfg = Ut_Gen_Util_Array Build|Win32
		{F1EA4A64-8F93-415E-9A1A-796AEA204A71}.Ut_Gen_Util_Array Build|x86.ActiveCfg = Ut_Gen_Util_Array Build|Win32
		{F1EA4A64-8F93-415E-9A1A-796AEA204A71}.Ut_Gen_Util_Array Build|x86.Build.0 = Ut_Gen_Util_Array Build|Win32
		{CF5BC1EE-4693-47E8-9DB9-9824DC72ED35}.BlinkSample Build|x64.ActiveCfg = Signal Compile|x64
		{CF5BC1EE-4693-47E8-9DB9-9824DC72ED35}.BlinkSample Build|x64.Build.0 = Signal Compile|x64
		{CF5BC1EE-4693-47E8-9DB9-9824DC72ED35}.BlinkSample Build|x86.ActiveCfg = Release|Win32
		{CF5BC1EE-4693-47E8-9DB9-9824DC72ED35}.BlinkSample Build|x86.Build.0 = Release|Win32
		{CF5BC1EE-4693-47E8-9DB9-9824DC72ED35}.BlinkSample Program|x64.ActiveCfg = Signal Compile|x64
		{CF5BC1EE-4693-47E8-9DB9-9824DC72ED35}.BlinkSample Program|x64.Build.0 = Signal Compile|x64
		{CF5BC1EE-4693-47E8-9DB9-9824DC72ED35}.BlinkSample Program|x86.ActiveCfg = Release|Win32
		{CF5BC1EE-4693-47E8-9DB9-9824DC72ED35}.BlinkSample Program|x86.Build.0 = Release|Win32
		{CF5BC1EE-4693-47E8-9DB9-9824DC72ED35}.BlinkSample2 Build|x64.ActiveCfg = BlinkSample2 Build|x64
		{CF5BC1EE-4693-47E8-9DB9-9824DC72ED35}.BlinkSample2 Build|x64.Build.0 = BlinkSample2 Build|x64
		{CF5BC1EE-4693-47E8-9DB9-9824DC72ED35}.BlinkSample2 Build|x86.ActiveCfg = BlinkSample2 Build|Win32
		{CF5BC1EE-4693-47E8-9DB9-9824DC72ED35}.DccDecoder Build|x64.ActiveCfg = Debug|x64
		{CF5BC1EE-4693-47E8-9DB9-9824DC72ED35}.DccDecoder Build|x64.Build.0 = Debug|x64
		{CF5BC1EE-4693-47E8-9DB9-9824DC72ED35}.DccDecoder Build|x86.ActiveCfg = Debug|Win32
		{CF5BC1EE-4693-47E8-9DB9-9824DC72ED35}.DccDecoder Build|x86.Build.0 = Debug|Win32
		{CF5BC1EE-4693-47E8-9DB9-9824DC72ED35}.DccDecoder Program|x64.ActiveCfg = Debug|x64
		{CF5BC1EE-4693-47E8-9DB9-9824DC72ED35}.DccDecoder Program|x64.Build.0 = Debug|x64
		{CF5BC1EE-4693-47E8-9DB9-9824DC72ED35}.DccDecoder Program|x86.ActiveCfg = Debug|Win32
		{CF5BC1EE-4693-47E8-9DB9-9824DC72ED35}.DccDecoder Program|x86.Build.0 = Debug|Win32
		{CF5BC1EE-4693-47E8-9DB9-9824DC72ED35}.DccDecoderTest Build|x64.ActiveCfg = Debug|x64
		{CF5BC1EE-4693-47E8-9DB9-9824DC72ED35}.DccDecoderTest Build|x64.Build.0 = Debug|x64
		{CF5BC1EE-4693-47E8-9DB9-9824DC72ED35}.DccDecoderTest Build|x86.ActiveCfg = Debug|Win32
		{CF5BC1EE-4693-47E8-9DB9-9824DC72ED35}.DccDecoderTest Build|x86.Build.0 = Debug|Win32
		{CF5BC1EE-4693-47E8-9DB9-9824DC72ED35}.DccDecoderTest Program|x64.ActiveCfg = Debug|x64
		{CF5BC1EE-4693-47E8-9DB9-9824DC72ED35}.DccDecoderTest Program|x64.Build.0 = Debug|x64
		{CF5BC1EE-4693-47E8-9DB9-9824DC72ED35}.DccDecoderTest Program|x86.ActiveCfg = Debug|Win32
		{CF5BC1EE-4693-47E8-9DB9-9824DC72ED35}.DccDecoderTest Program|x86.Build.0 = Debug|Win32
		{CF5BC1EE-4693-47E8-9DB9-9824DC72ED35}.Debug|x64.ActiveCfg = Debug|x64
		{CF5BC1EE-4693-47E8-9DB9-9824DC72ED35}.Debug|x64.Build.0 = Debug|x64
		{CF5BC1EE-4693-47E8-9DB9-9824DC72ED35}.Debug|x86.ActiveCfg = Debug|Win32
		{CF5BC1EE-4693-47E8-9DB9-9824DC72ED35}.FireFlicker Build|x64.ActiveCfg = FireFlicker Compile|x64
		{CF5BC1EE-4693-47E8-9DB9-9824DC72ED35}.FireFlicker Build|x64.Build.0 = FireFlicker Compile|x64
		{CF5BC1EE-4693-47E8-9DB9-9824DC72ED35}.FireFlicker Build|x86.ActiveCfg = FireFlicker Compile|Win32
		{CF5BC1EE-4693-47E8-9DB9-9824DC72ED35}.FireFlicker Build|x86.Build.0 = FireFlicker Compile|Win32
		{CF5BC1EE-4693-47E8-9DB9-9824DC72ED35}.FireFlicker Program|x64.ActiveCfg = FireFlicker Compile|x64
		{CF5BC1EE-4693-47E8-9DB9-9824DC72ED35}.FireFlicker Program|x64.Build.0 = FireFlicker Compile|x64
		{CF5BC1EE-4693-47E8-9DB9-9824DC72ED35}.FireFlicker Program|x86.ActiveCfg = Release|Win32
		{CF5BC1EE-4693-47E8-9DB9-9824DC72ED35}.FireFlicker Program|x86.Build.0 = Release|Win32
		{CF5BC1EE-4693-47E8-9DB9-9824DC72ED35}.FreeRTOSDemo Build|x64.ActiveCfg = FireFlicker Compile|x64
		{CF5BC1EE-4693-47E8-9DB9-9824DC72ED35}.FreeRTOSDemo Build|x64.Build.0 = FireFlicker Compile|x64
		{CF5BC1EE-4693-47E8-9DB9-9824DC72ED35}.FreeRTOSDemo Build|x86.ActiveCfg = Release|Win32
		{CF5BC1EE-4693-47E8-9DB9-9824DC72ED35}.FreeRTOSDemo Program|x64.ActiveCfg = FireFlicker Compile|x64
		{CF5BC1EE-4693-47E8-9DB9-9824DC72ED35}.FreeRTOSDemo Program|x64.Build.0 = FireFlicker Compile|x64
		{CF5BC1EE-4693-47E8-9DB9-9824DC72ED35}.FreeRTOSDemo Program|x86.ActiveCfg = Release|Win32
		{CF5BC1EE-4693-47E8-9DB9-9824DC72ED35}.FreeRTOSDemo Program|x86.Build.0 = Release|Win32
		{CF5BC1EE-4693-47E8-9DB9-9824DC72ED35}.Release|x64.ActiveCfg = Release|x64
		{CF5BC1EE-4693-47E8-9DB9-9824DC72ED35}.Release|x64.Build.0 = Release|x64
		{CF5BC1EE-4693-47E8-9DB9-9824DC72ED35}.Release|x86.ActiveCfg = Release|Win32
		{CF5BC1EE-4693-47E8-9DB9-9824DC72ED35}.Release|x86.Build.0 = Release|Win32
		{CF5BC1EE-4693-47E8-9DB9-9824DC72ED35}.Signal Build|x64.ActiveCfg = Signal Compile|x64
		{CF5BC1EE-4693-47E8-9DB9-9824DC72ED35}.Signal Build|x64.Build.0 = Signal Compile|x64
		{CF5BC1EE-4693-47E8-9DB9-9824DC72ED35}.Signal Build|x86.ActiveCfg = Release|Win32
		{CF5BC1EE-4693-47E8-9DB9-9824DC72ED35}.Signal Build|x86.Build.0 = Release|Win32
		{CF5BC1EE-4693-47E8-9DB9-9824DC72ED35}.Signal Program|x64.ActiveCfg = Signal Compile|x64
		{CF5BC1EE-4693-47E8-9DB9-9824DC72ED35}.Signal Program|x64.Build.0 = Signal Compile|x64
		{CF5BC1EE-4693-47E8-9DB9-9824DC72ED35}.Signal Program|x86.ActiveCfg = Release|Win32
		{CF5BC1EE-4693-47E8-9DB9-9824DC72ED35}.Signal Program|x86.Build.0 = Release|Win32
		{CF5BC1EE-4693-47E8-9DB9-9824DC72ED35}.Ut_Gen_Dcc_Packet Build|x64.ActiveCfg = Signal Compile|x64
		{CF5BC1EE-4693-47E8-9DB9-9824DC72ED35}.Ut_Gen_Dcc_Packet Build|x64.Build.0 = Signal Compile|x64
		{CF5BC1EE-4693-47E8-9DB9-9824DC72ED35}.Ut_Gen_Dcc_Packet Build|x86.ActiveCfg = Debug|Win32
		{CF5BC1EE-4693-47E8-9DB9-9824DC72ED35}.Ut_Gen_Dcc_PacketExtractor Build|x64.ActiveCfg = Ut_Gen_Dcc_PacketExtractor Build|x64
		{CF5BC1EE-4693-47E8-9DB9-9824DC72ED35}.Ut_Gen_Dcc_PacketExtractor Build|x86.ActiveCfg = Ut_Gen_Dcc_PacketExtractor Build|Win32
		{CF5BC1EE-4693-47E8-9DB9-9824DC72ED35}.Ut_Gen_Rte_Rte Build|x64.ActiveCfg = Ut_Gen_Rte_Rte Build|x64
		{CF5BC1EE-4693-47E8-9DB9-9824DC72ED35}.Ut_Gen_Rte_Rte Build|x86.ActiveCfg = Ut_Gen_Rte_Rte Build|Win32
		{CF5BC1EE-4693-47E8-9DB9-9824DC72ED35}.Ut_Gen_Util_Array Build|x64.ActiveCfg = Signal Compile|x64
		{CF5BC1EE-4693-47E8-9DB9-9824DC72ED35}.Ut_Gen_Util_Array Build|x64.Build.0 = Signal Compile|x64
		{CF5BC1EE-4693-47E8-9DB9-9824DC72ED35}.Ut_Gen_Util_Array Build|x86.ActiveCfg = Debug|Win32
	EndGlobalSection
	GlobalSection(SolutionProperties) = preSolution
		HideSolutionNode = FALSE
	EndGlobalSection
	GlobalSection(ExtensibilityGlobals) = postSolution
		SolutionGuid = {F1987C21-825C-4FEE-A687-B9894EF4DAA7}
	EndGlobalSection
EndGlobal
