<?xml version="1.0" encoding="utf-8"?>
<Project ToolsVersion="4.0" xmlns="http://schemas.microsoft.com/developer/msbuild/2003">
  <ItemGroup>
    <Filter Include="Gen">
      <UniqueIdentifier>{4d3ab699-becd-48cc-b086-73e1afbf7253}</UniqueIdentifier>
    </Filter>
    <Filter Include="Gen\Scheduler">
      <UniqueIdentifier>{78c5bf83-da39-4df4-9394-845ea6e6f907}</UniqueIdentifier>
    </Filter>
    <Filter Include="Gen\Timer">
      <UniqueIdentifier>{60b01bf4-5b0e-4d74-92d1-4695b316994f}</UniqueIdentifier>
    </Filter>
    <Filter Include="Gen\Runable">
      <UniqueIdentifier>{03de04fb-4759-4e5b-b4ac-358c3ac20049}</UniqueIdentifier>
    </Filter>
    <Filter Include="Prj">
      <UniqueIdentifier>{efd91875-f19e-418a-bce3-af81dd5e9eae}</UniqueIdentifier>
    </Filter>
    <Filter Include="Prj\BlinkSample">
      <UniqueIdentifier>{32df3f31-8a79-442e-afa3-82c139ca71bd}</UniqueIdentifier>
    </Filter>
    <Filter Include="Prj\DccDecoder">
      <UniqueIdentifier>{ed0532c4-2572-42b1-8b5c-1878e1d9f907}</UniqueIdentifier>
    </Filter>
    <Filter Include="Prj\DccDecoderTest">
      <UniqueIdentifier>{a9c9a860-24a6-4717-a0ef-f5203c55520c}</UniqueIdentifier>
    </Filter>
    <Filter Include="Prj\FireFlicker">
      <UniqueIdentifier>{d379be09-1af8-4343-a594-aaba65abcd8d}</UniqueIdentifier>
    </Filter>
    <Filter Include="Prj\Signal">
      <UniqueIdentifier>{18af9249-6742-446f-b2a8-8cd5d5d8e015}</UniqueIdentifier>
    </Filter>
  </ItemGroup>
  <ItemGroup>
    <ClCompile Include="Gen\Runable\Runable.cpp">
      <Filter>Gen\Runable</Filter>
    </ClCompile>
    <ClCompile Include="Gen\Scheduler\Scheduler.cpp">
      <Filter>Gen\Scheduler</Filter>
    </ClCompile>
    <ClCompile Include="Prj\BlinkSample\BlinkSample.cpp">
      <Filter>Prj\BlinkSample</Filter>
    </ClCompile>
    <ClCompile Include="Prj\DccDecoder\DccDecoder.cpp">
      <Filter>Prj\DccDecoder</Filter>
    </ClCompile>
    <ClCompile Include="Prj\DccDecoder\PeriodSM.cpp">
      <Filter>Prj\DccDecoder</Filter>
    </ClCompile>
    <ClCompile Include="Prj\DccDecoder\DccInterpreter.cpp">
      <Filter>Prj\DccDecoder</Filter>
    </ClCompile>
    <ClCompile Include="Prj\DccDecoder\DccMain.cpp">
      <Filter>Prj\DccDecoder</Filter>
    </ClCompile>
    <ClCompile Include="Prj\DccDecoderTest\DccMain.cpp">
      <Filter>Prj\DccDecoderTest</Filter>
    </ClCompile>
    <ClCompile Include="Prj\FireFlicker\FireFlicker.cpp">
      <Filter>Prj\FireFlicker</Filter>
    </ClCompile>
    <ClCompile Include="Prj\Signal\Signal.cpp">
      <Filter>Prj\Signal</Filter>
    </ClCompile>
  </ItemGroup>
  <ItemGroup>
    <ClInclude Include="Gen\Runable\Runable.h">
      <Filter>Gen\Runable</Filter>
    </ClInclude>
    <ClInclude Include="Gen\Timer\Timer.h">
      <Filter>Gen\Timer</Filter>
    </ClInclude>
    <ClInclude Include="Gen\Scheduler\Scheduler.h">
      <Filter>Gen\Scheduler</Filter>
    </ClInclude>
    <ClInclude Include="Prj\DccDecoder\PeriodSM.h">
      <Filter>Prj\DccDecoder</Filter>
    </ClInclude>
    <ClInclude Include="Prj\DccDecoder\DccInterpreter.h">
      <Filter>Prj\DccDecoder</Filter>
    </ClInclude>
    <ClInclude Include="Prj\DccDecoder\DccDecoder.h">
      <Filter>Prj\DccDecoder</Filter>
    </ClInclude>
  </ItemGroup>
  <ItemGroup>
    <None Include="Prj\BlinkSample\Makefile_Prj.gmk">
      <Filter>Prj\BlinkSample</Filter>
    </None>
    <None Include="Makefile.gmk" />
    <None Include="Prj\DccDecoder\Makefile_Prj.gmk">
      <Filter>Prj\DccDecoder</Filter>
    </None>
    <None Include="Prj\DccDecoderTest\Makefile_Prj.gmk">
      <Filter>Prj\DccDecoderTest</Filter>
    </None>
    <None Include="Build.bat" />
    <None Include="Prj\FireFlicker\Makefile_Prj.gmk">
      <Filter>Prj\FireFlicker</Filter>
    </None>
    <None Include="Prj\Signal\Makefile_Prj.gmk">
      <Filter>Prj\Signal</Filter>
    </None>
  </ItemGroup>
</Project>